// !$*UTF8*$!
{
	archiveVersion = 1;
	classes = {
	};
	objectVersion = 56;
	objects = {

/* Begin PBXBuildFile section */
		49923EDB2CB7A1C700D2CBA2 /* AppDelegate.swift in Sources */ = {isa = PBXBuildFile; fileRef = 49923EDA2CB7A1C700D2CBA2 /* AppDelegate.swift */; };
		49923EDD2CB7A1C700D2CBA2 /* SceneDelegate.swift in Sources */ = {isa = PBXBuildFile; fileRef = 49923EDC2CB7A1C700D2CBA2 /* SceneDelegate.swift */; };
		49923EDF2CB7A1C700D2CBA2 /* ViewController.swift in Sources */ = {isa = PBXBuildFile; fileRef = 49923EDE2CB7A1C700D2CBA2 /* ViewController.swift */; };
		49923EE22CB7A1C700D2CBA2 /* Base in Resources */ = {isa = PBXBuildFile; fileRef = 49923EE12CB7A1C700D2CBA2 /* Base */; };
		49923EE42CB7A1C900D2CBA2 /* Assets.xcassets in Resources */ = {isa = PBXBuildFile; fileRef = 49923EE32CB7A1C900D2CBA2 /* Assets.xcassets */; };
		49923EE72CB7A1C900D2CBA2 /* Base in Resources */ = {isa = PBXBuildFile; fileRef = 49923EE62CB7A1C900D2CBA2 /* Base */; };
		499951452CBECBEF00791937 /* MapViewController.swift in Sources */ = {isa = PBXBuildFile; fileRef = 499951442CBECBEF00791937 /* MapViewController.swift */; };
		D57170D12CBF93F7002326DE /* GameInstructionsViewController.swift in Sources */ = {isa = PBXBuildFile; fileRef = D57170D02CBF93F7002326DE /* GameInstructionsViewController.swift */; };
		D596C2852CBF39F60047E563 /* MiniGameViewController.swift in Sources */ = {isa = PBXBuildFile; fileRef = D596C2842CBF39F60047E563 /* MiniGameViewController.swift */; };
		D5BF144D2CC0579700A0604C /* FirstRoundTowerViewController.swift in Sources */ = {isa = PBXBuildFile; fileRef = D5BF144C2CC0579700A0604C /* FirstRoundTowerViewController.swift */; };
		D5BF144F2CC0727400A0604C /* SecondRoundTowerViewController.swift in Sources */ = {isa = PBXBuildFile; fileRef = D5BF144E2CC0727400A0604C /* SecondRoundTowerViewController.swift */; };
		D5BF14512CC07C8A00A0604C /* ThirdRoundTowerViewController.swift in Sources */ = {isa = PBXBuildFile; fileRef = D5BF14502CC07C8A00A0604C /* ThirdRoundTowerViewController.swift */; };
		D5BF14532CC0C79C00A0604C /* WonGameViewController.swift in Sources */ = {isa = PBXBuildFile; fileRef = D5BF14522CC0C79C00A0604C /* WonGameViewController.swift */; };
		D5BF14562CC17D1E00A0604C /* FirebaseAnalytics in Frameworks */ = {isa = PBXBuildFile; productRef = D5BF14552CC17D1E00A0604C /* FirebaseAnalytics */; };
		D5BF14582CC17D1E00A0604C /* FirebaseAnalyticsOnDeviceConversion in Frameworks */ = {isa = PBXBuildFile; productRef = D5BF14572CC17D1E00A0604C /* FirebaseAnalyticsOnDeviceConversion */; };
		D5BF145A2CC17D1E00A0604C /* FirebaseAnalyticsWithoutAdIdSupport in Frameworks */ = {isa = PBXBuildFile; productRef = D5BF14592CC17D1E00A0604C /* FirebaseAnalyticsWithoutAdIdSupport */; };
		D5BF145C2CC17D1E00A0604C /* FirebaseAppCheck in Frameworks */ = {isa = PBXBuildFile; productRef = D5BF145B2CC17D1E00A0604C /* FirebaseAppCheck */; };
		D5BF145E2CC17D1E00A0604C /* FirebaseAppDistribution-Beta in Frameworks */ = {isa = PBXBuildFile; productRef = D5BF145D2CC17D1E00A0604C /* FirebaseAppDistribution-Beta */; };
		D5BF14602CC17D1E00A0604C /* FirebaseAuth in Frameworks */ = {isa = PBXBuildFile; productRef = D5BF145F2CC17D1E00A0604C /* FirebaseAuth */; };
		D5BF14622CC17D1E00A0604C /* FirebaseAuthCombine-Community in Frameworks */ = {isa = PBXBuildFile; productRef = D5BF14612CC17D1E00A0604C /* FirebaseAuthCombine-Community */; };
		D5BF14642CC17D1E00A0604C /* FirebaseCore in Frameworks */ = {isa = PBXBuildFile; productRef = D5BF14632CC17D1E00A0604C /* FirebaseCore */; };
		D5BF14662CC17D1E00A0604C /* FirebaseCrashlytics in Frameworks */ = {isa = PBXBuildFile; productRef = D5BF14652CC17D1E00A0604C /* FirebaseCrashlytics */; };
		D5BF14682CC17D1E00A0604C /* FirebaseDatabase in Frameworks */ = {isa = PBXBuildFile; productRef = D5BF14672CC17D1E00A0604C /* FirebaseDatabase */; };
		D5BF146A2CC17D1E00A0604C /* FirebaseDynamicLinks in Frameworks */ = {isa = PBXBuildFile; productRef = D5BF14692CC17D1E00A0604C /* FirebaseDynamicLinks */; };
		D5BF146C2CC17D1E00A0604C /* FirebaseFirestore in Frameworks */ = {isa = PBXBuildFile; productRef = D5BF146B2CC17D1E00A0604C /* FirebaseFirestore */; };
		D5BF146E2CC17D1E00A0604C /* FirebaseFirestoreCombine-Community in Frameworks */ = {isa = PBXBuildFile; productRef = D5BF146D2CC17D1E00A0604C /* FirebaseFirestoreCombine-Community */; };
		D5BF14702CC17D1E00A0604C /* FirebaseFunctions in Frameworks */ = {isa = PBXBuildFile; productRef = D5BF146F2CC17D1E00A0604C /* FirebaseFunctions */; };
		D5BF14722CC17D1E00A0604C /* FirebaseFunctionsCombine-Community in Frameworks */ = {isa = PBXBuildFile; productRef = D5BF14712CC17D1E00A0604C /* FirebaseFunctionsCombine-Community */; };
		D5BF14742CC17D1E00A0604C /* FirebaseInAppMessaging-Beta in Frameworks */ = {isa = PBXBuildFile; productRef = D5BF14732CC17D1E00A0604C /* FirebaseInAppMessaging-Beta */; };
		D5BF14762CC17D1E00A0604C /* FirebaseInstallations in Frameworks */ = {isa = PBXBuildFile; productRef = D5BF14752CC17D1E00A0604C /* FirebaseInstallations */; };
		D5BF14782CC17D1E00A0604C /* FirebaseMLModelDownloader in Frameworks */ = {isa = PBXBuildFile; productRef = D5BF14772CC17D1E00A0604C /* FirebaseMLModelDownloader */; };
		D5BF147A2CC17D1E00A0604C /* FirebaseMessaging in Frameworks */ = {isa = PBXBuildFile; productRef = D5BF14792CC17D1E00A0604C /* FirebaseMessaging */; };
		D5BF147C2CC17D1E00A0604C /* FirebasePerformance in Frameworks */ = {isa = PBXBuildFile; productRef = D5BF147B2CC17D1E00A0604C /* FirebasePerformance */; };
		D5BF147E2CC17D1E00A0604C /* FirebaseRemoteConfig in Frameworks */ = {isa = PBXBuildFile; productRef = D5BF147D2CC17D1E00A0604C /* FirebaseRemoteConfig */; };
		D5BF14802CC17D1E00A0604C /* FirebaseStorage in Frameworks */ = {isa = PBXBuildFile; productRef = D5BF147F2CC17D1E00A0604C /* FirebaseStorage */; };
		D5BF14822CC17D1E00A0604C /* FirebaseStorageCombine-Community in Frameworks */ = {isa = PBXBuildFile; productRef = D5BF14812CC17D1E00A0604C /* FirebaseStorageCombine-Community */; };
		D5BF14842CC17D1E00A0604C /* FirebaseVertexAI-Preview in Frameworks */ = {isa = PBXBuildFile; productRef = D5BF14832CC17D1E00A0604C /* FirebaseVertexAI-Preview */; };
		D5BF14862CC17E8900A0604C /* GoogleService-Info.plist in Resources */ = {isa = PBXBuildFile; fileRef = D5BF14852CC17E8900A0604C /* GoogleService-Info.plist */; };
/* End PBXBuildFile section */

/* Begin PBXFileReference section */
		49923ED72CB7A1C700D2CBA2 /* ATLAS.app */ = {isa = PBXFileReference; explicitFileType = wrapper.application; includeInIndex = 0; path = ATLAS.app; sourceTree = BUILT_PRODUCTS_DIR; };
		49923EDA2CB7A1C700D2CBA2 /* AppDelegate.swift */ = {isa = PBXFileReference; lastKnownFileType = sourcecode.swift; path = AppDelegate.swift; sourceTree = "<group>"; };
		49923EDC2CB7A1C700D2CBA2 /* SceneDelegate.swift */ = {isa = PBXFileReference; lastKnownFileType = sourcecode.swift; path = SceneDelegate.swift; sourceTree = "<group>"; };
		49923EDE2CB7A1C700D2CBA2 /* ViewController.swift */ = {isa = PBXFileReference; lastKnownFileType = sourcecode.swift; path = ViewController.swift; sourceTree = "<group>"; };
		49923EE12CB7A1C700D2CBA2 /* Base */ = {isa = PBXFileReference; lastKnownFileType = file.storyboard; name = Base; path = Base.lproj/Main.storyboard; sourceTree = "<group>"; };
		49923EE32CB7A1C900D2CBA2 /* Assets.xcassets */ = {isa = PBXFileReference; lastKnownFileType = folder.assetcatalog; path = Assets.xcassets; sourceTree = "<group>"; };
		49923EE62CB7A1C900D2CBA2 /* Base */ = {isa = PBXFileReference; lastKnownFileType = file.storyboard; name = Base; path = Base.lproj/LaunchScreen.storyboard; sourceTree = "<group>"; };
		49923EE82CB7A1C900D2CBA2 /* Info.plist */ = {isa = PBXFileReference; lastKnownFileType = text.plist.xml; path = Info.plist; sourceTree = "<group>"; };
		499951442CBECBEF00791937 /* MapViewController.swift */ = {isa = PBXFileReference; lastKnownFileType = sourcecode.swift; path = MapViewController.swift; sourceTree = "<group>"; };
		D57170D02CBF93F7002326DE /* GameInstructionsViewController.swift */ = {isa = PBXFileReference; lastKnownFileType = sourcecode.swift; path = GameInstructionsViewController.swift; sourceTree = "<group>"; };
		D596C2842CBF39F60047E563 /* MiniGameViewController.swift */ = {isa = PBXFileReference; lastKnownFileType = sourcecode.swift; path = MiniGameViewController.swift; sourceTree = "<group>"; };
		D5BF144C2CC0579700A0604C /* FirstRoundTowerViewController.swift */ = {isa = PBXFileReference; lastKnownFileType = sourcecode.swift; path = FirstRoundTowerViewController.swift; sourceTree = "<group>"; };
		D5BF144E2CC0727400A0604C /* SecondRoundTowerViewController.swift */ = {isa = PBXFileReference; lastKnownFileType = sourcecode.swift; path = SecondRoundTowerViewController.swift; sourceTree = "<group>"; };
		D5BF14502CC07C8A00A0604C /* ThirdRoundTowerViewController.swift */ = {isa = PBXFileReference; lastKnownFileType = sourcecode.swift; path = ThirdRoundTowerViewController.swift; sourceTree = "<group>"; };
		D5BF14522CC0C79C00A0604C /* WonGameViewController.swift */ = {isa = PBXFileReference; lastKnownFileType = sourcecode.swift; path = WonGameViewController.swift; sourceTree = "<group>"; };
		D5BF14852CC17E8900A0604C /* GoogleService-Info.plist */ = {isa = PBXFileReference; fileEncoding = 4; lastKnownFileType = text.plist.xml; path = "GoogleService-Info.plist"; sourceTree = "<group>"; };
/* End PBXFileReference section */

/* Begin PBXFrameworksBuildPhase section */
		49923ED42CB7A1C700D2CBA2 /* Frameworks */ = {
			isa = PBXFrameworksBuildPhase;
			buildActionMask = 2147483647;
			files = (
				D5BF14842CC17D1E00A0604C /* FirebaseVertexAI-Preview in Frameworks */,
				D5BF146E2CC17D1E00A0604C /* FirebaseFirestoreCombine-Community in Frameworks */,
				D5BF14702CC17D1E00A0604C /* FirebaseFunctions in Frameworks */,
				D5BF147C2CC17D1E00A0604C /* FirebasePerformance in Frameworks */,
				D5BF14822CC17D1E00A0604C /* FirebaseStorageCombine-Community in Frameworks */,
				D5BF147E2CC17D1E00A0604C /* FirebaseRemoteConfig in Frameworks */,
				D5BF14682CC17D1E00A0604C /* FirebaseDatabase in Frameworks */,
				D5BF146A2CC17D1E00A0604C /* FirebaseDynamicLinks in Frameworks */,
				D5BF145C2CC17D1E00A0604C /* FirebaseAppCheck in Frameworks */,
				D5BF14602CC17D1E00A0604C /* FirebaseAuth in Frameworks */,
				D5BF14562CC17D1E00A0604C /* FirebaseAnalytics in Frameworks */,
				D5BF146C2CC17D1E00A0604C /* FirebaseFirestore in Frameworks */,
				D5BF147A2CC17D1E00A0604C /* FirebaseMessaging in Frameworks */,
				D5BF14762CC17D1E00A0604C /* FirebaseInstallations in Frameworks */,
				D5BF14722CC17D1E00A0604C /* FirebaseFunctionsCombine-Community in Frameworks */,
				D5BF145E2CC17D1E00A0604C /* FirebaseAppDistribution-Beta in Frameworks */,
				D5BF145A2CC17D1E00A0604C /* FirebaseAnalyticsWithoutAdIdSupport in Frameworks */,
				D5BF14742CC17D1E00A0604C /* FirebaseInAppMessaging-Beta in Frameworks */,
				D5BF14622CC17D1E00A0604C /* FirebaseAuthCombine-Community in Frameworks */,
				D5BF14662CC17D1E00A0604C /* FirebaseCrashlytics in Frameworks */,
				D5BF14782CC17D1E00A0604C /* FirebaseMLModelDownloader in Frameworks */,
				D5BF14802CC17D1E00A0604C /* FirebaseStorage in Frameworks */,
				D5BF14642CC17D1E00A0604C /* FirebaseCore in Frameworks */,
				D5BF14582CC17D1E00A0604C /* FirebaseAnalyticsOnDeviceConversion in Frameworks */,
			);
			runOnlyForDeploymentPostprocessing = 0;
		};
/* End PBXFrameworksBuildPhase section */

/* Begin PBXGroup section */
		49923ECE2CB7A1C700D2CBA2 = {
			isa = PBXGroup;
			children = (
				49923ED92CB7A1C700D2CBA2 /* ATLAS */,
				49923ED82CB7A1C700D2CBA2 /* Products */,
			);
			sourceTree = "<group>";
		};
		49923ED82CB7A1C700D2CBA2 /* Products */ = {
			isa = PBXGroup;
			children = (
				49923ED72CB7A1C700D2CBA2 /* ATLAS.app */,
			);
			name = Products;
			sourceTree = "<group>";
		};
		49923ED92CB7A1C700D2CBA2 /* ATLAS */ = {
			isa = PBXGroup;
			children = (
				49923EDA2CB7A1C700D2CBA2 /* AppDelegate.swift */,
				D57170D02CBF93F7002326DE /* GameInstructionsViewController.swift */,
				D596C2842CBF39F60047E563 /* MiniGameViewController.swift */,
				D5BF14522CC0C79C00A0604C /* WonGameViewController.swift */,
				49923EDC2CB7A1C700D2CBA2 /* SceneDelegate.swift */,
				49923EDE2CB7A1C700D2CBA2 /* ViewController.swift */,
				D5BF14852CC17E8900A0604C /* GoogleService-Info.plist */,
				49923EE02CB7A1C700D2CBA2 /* Main.storyboard */,
				D5BF144E2CC0727400A0604C /* SecondRoundTowerViewController.swift */,
				D5BF14502CC07C8A00A0604C /* ThirdRoundTowerViewController.swift */,
				D5BF144C2CC0579700A0604C /* FirstRoundTowerViewController.swift */,
				49923EE32CB7A1C900D2CBA2 /* Assets.xcassets */,
				49923EE52CB7A1C900D2CBA2 /* LaunchScreen.storyboard */,
				49923EE82CB7A1C900D2CBA2 /* Info.plist */,
				499951442CBECBEF00791937 /* MapViewController.swift */,
			);
			path = ATLAS;
			sourceTree = "<group>";
		};
/* End PBXGroup section */

/* Begin PBXNativeTarget section */
		49923ED62CB7A1C700D2CBA2 /* ATLAS */ = {
			isa = PBXNativeTarget;
			buildConfigurationList = 49923EEB2CB7A1C900D2CBA2 /* Build configuration list for PBXNativeTarget "ATLAS" */;
			buildPhases = (
				49923ED32CB7A1C700D2CBA2 /* Sources */,
				49923ED42CB7A1C700D2CBA2 /* Frameworks */,
				49923ED52CB7A1C700D2CBA2 /* Resources */,
			);
			buildRules = (
			);
			dependencies = (
			);
			name = ATLAS;
			packageProductDependencies = (
				D5BF14552CC17D1E00A0604C /* FirebaseAnalytics */,
				D5BF14572CC17D1E00A0604C /* FirebaseAnalyticsOnDeviceConversion */,
				D5BF14592CC17D1E00A0604C /* FirebaseAnalyticsWithoutAdIdSupport */,
				D5BF145B2CC17D1E00A0604C /* FirebaseAppCheck */,
				D5BF145D2CC17D1E00A0604C /* FirebaseAppDistribution-Beta */,
				D5BF145F2CC17D1E00A0604C /* FirebaseAuth */,
				D5BF14612CC17D1E00A0604C /* FirebaseAuthCombine-Community */,
				D5BF14632CC17D1E00A0604C /* FirebaseCore */,
				D5BF14652CC17D1E00A0604C /* FirebaseCrashlytics */,
				D5BF14672CC17D1E00A0604C /* FirebaseDatabase */,
				D5BF14692CC17D1E00A0604C /* FirebaseDynamicLinks */,
				D5BF146B2CC17D1E00A0604C /* FirebaseFirestore */,
				D5BF146D2CC17D1E00A0604C /* FirebaseFirestoreCombine-Community */,
				D5BF146F2CC17D1E00A0604C /* FirebaseFunctions */,
				D5BF14712CC17D1E00A0604C /* FirebaseFunctionsCombine-Community */,
				D5BF14732CC17D1E00A0604C /* FirebaseInAppMessaging-Beta */,
				D5BF14752CC17D1E00A0604C /* FirebaseInstallations */,
				D5BF14772CC17D1E00A0604C /* FirebaseMLModelDownloader */,
				D5BF14792CC17D1E00A0604C /* FirebaseMessaging */,
				D5BF147B2CC17D1E00A0604C /* FirebasePerformance */,
				D5BF147D2CC17D1E00A0604C /* FirebaseRemoteConfig */,
				D5BF147F2CC17D1E00A0604C /* FirebaseStorage */,
				D5BF14812CC17D1E00A0604C /* FirebaseStorageCombine-Community */,
				D5BF14832CC17D1E00A0604C /* FirebaseVertexAI-Preview */,
			);
			productName = ATLAS;
			productReference = 49923ED72CB7A1C700D2CBA2 /* ATLAS.app */;
			productType = "com.apple.product-type.application";
		};
/* End PBXNativeTarget section */

/* Begin PBXProject section */
		49923ECF2CB7A1C700D2CBA2 /* Project object */ = {
			isa = PBXProject;
			attributes = {
				BuildIndependentTargetsInParallel = 1;
				LastSwiftUpdateCheck = 1540;
				LastUpgradeCheck = 1540;
				TargetAttributes = {
					49923ED62CB7A1C700D2CBA2 = {
						CreatedOnToolsVersion = 15.4;
					};
				};
			};
			buildConfigurationList = 49923ED22CB7A1C700D2CBA2 /* Build configuration list for PBXProject "ATLAS" */;
			compatibilityVersion = "Xcode 14.0";
			developmentRegion = en;
			hasScannedForEncodings = 0;
			knownRegions = (
				en,
				Base,
			);
			mainGroup = 49923ECE2CB7A1C700D2CBA2;
			packageReferences = (
				D5BF14542CC17D1E00A0604C /* XCRemoteSwiftPackageReference "firebase-ios-sdk" */,
			);
			productRefGroup = 49923ED82CB7A1C700D2CBA2 /* Products */;
			projectDirPath = "";
			projectRoot = "";
			targets = (
				49923ED62CB7A1C700D2CBA2 /* ATLAS */,
			);
		};
/* End PBXProject section */

/* Begin PBXResourcesBuildPhase section */
		49923ED52CB7A1C700D2CBA2 /* Resources */ = {
			isa = PBXResourcesBuildPhase;
			buildActionMask = 2147483647;
			files = (
				49923EE42CB7A1C900D2CBA2 /* Assets.xcassets in Resources */,
				D5BF14862CC17E8900A0604C /* GoogleService-Info.plist in Resources */,
				49923EE72CB7A1C900D2CBA2 /* Base in Resources */,
				49923EE22CB7A1C700D2CBA2 /* Base in Resources */,
			);
			runOnlyForDeploymentPostprocessing = 0;
		};
/* End PBXResourcesBuildPhase section */

/* Begin PBXSourcesBuildPhase section */
		49923ED32CB7A1C700D2CBA2 /* Sources */ = {
			isa = PBXSourcesBuildPhase;
			buildActionMask = 2147483647;
			files = (
				49923EDF2CB7A1C700D2CBA2 /* ViewController.swift in Sources */,
				D5BF14512CC07C8A00A0604C /* ThirdRoundTowerViewController.swift in Sources */,
				D596C2852CBF39F60047E563 /* MiniGameViewController.swift in Sources */,
				D57170D12CBF93F7002326DE /* GameInstructionsViewController.swift in Sources */,
				49923EDB2CB7A1C700D2CBA2 /* AppDelegate.swift in Sources */,
				D5BF14532CC0C79C00A0604C /* WonGameViewController.swift in Sources */,
				D5BF144D2CC0579700A0604C /* FirstRoundTowerViewController.swift in Sources */,
				49923EDD2CB7A1C700D2CBA2 /* SceneDelegate.swift in Sources */,
				499951452CBECBEF00791937 /* MapViewController.swift in Sources */,
				D5BF144F2CC0727400A0604C /* SecondRoundTowerViewController.swift in Sources */,
			);
			runOnlyForDeploymentPostprocessing = 0;
		};
/* End PBXSourcesBuildPhase section */

/* Begin PBXVariantGroup section */
		49923EE02CB7A1C700D2CBA2 /* Main.storyboard */ = {
			isa = PBXVariantGroup;
			children = (
				49923EE12CB7A1C700D2CBA2 /* Base */,
			);
			name = Main.storyboard;
			sourceTree = "<group>";
		};
		49923EE52CB7A1C900D2CBA2 /* LaunchScreen.storyboard */ = {
			isa = PBXVariantGroup;
			children = (
				49923EE62CB7A1C900D2CBA2 /* Base */,
			);
			name = LaunchScreen.storyboard;
			sourceTree = "<group>";
		};
/* End PBXVariantGroup section */

/* Begin XCBuildConfiguration section */
		49923EE92CB7A1C900D2CBA2 /* Debug */ = {
			isa = XCBuildConfiguration;
			buildSettings = {
				ALWAYS_SEARCH_USER_PATHS = NO;
				ASSETCATALOG_COMPILER_GENERATE_SWIFT_ASSET_SYMBOL_EXTENSIONS = YES;
				CLANG_ANALYZER_NONNULL = YES;
				CLANG_ANALYZER_NUMBER_OBJECT_CONVERSION = YES_AGGRESSIVE;
				CLANG_CXX_LANGUAGE_STANDARD = "gnu++20";
				CLANG_ENABLE_MODULES = YES;
				CLANG_ENABLE_OBJC_ARC = YES;
				CLANG_ENABLE_OBJC_WEAK = YES;
				CLANG_WARN_BLOCK_CAPTURE_AUTORELEASING = YES;
				CLANG_WARN_BOOL_CONVERSION = YES;
				CLANG_WARN_COMMA = YES;
				CLANG_WARN_CONSTANT_CONVERSION = YES;
				CLANG_WARN_DEPRECATED_OBJC_IMPLEMENTATIONS = YES;
				CLANG_WARN_DIRECT_OBJC_ISA_USAGE = YES_ERROR;
				CLANG_WARN_DOCUMENTATION_COMMENTS = YES;
				CLANG_WARN_EMPTY_BODY = YES;
				CLANG_WARN_ENUM_CONVERSION = YES;
				CLANG_WARN_INFINITE_RECURSION = YES;
				CLANG_WARN_INT_CONVERSION = YES;
				CLANG_WARN_NON_LITERAL_NULL_CONVERSION = YES;
				CLANG_WARN_OBJC_IMPLICIT_RETAIN_SELF = YES;
				CLANG_WARN_OBJC_LITERAL_CONVERSION = YES;
				CLANG_WARN_OBJC_ROOT_CLASS = YES_ERROR;
				CLANG_WARN_QUOTED_INCLUDE_IN_FRAMEWORK_HEADER = YES;
				CLANG_WARN_RANGE_LOOP_ANALYSIS = YES;
				CLANG_WARN_STRICT_PROTOTYPES = YES;
				CLANG_WARN_SUSPICIOUS_MOVE = YES;
				CLANG_WARN_UNGUARDED_AVAILABILITY = YES_AGGRESSIVE;
				CLANG_WARN_UNREACHABLE_CODE = YES;
				CLANG_WARN__DUPLICATE_METHOD_MATCH = YES;
				COPY_PHASE_STRIP = NO;
				DEBUG_INFORMATION_FORMAT = dwarf;
				ENABLE_STRICT_OBJC_MSGSEND = YES;
				ENABLE_TESTABILITY = YES;
				ENABLE_USER_SCRIPT_SANDBOXING = YES;
				GCC_C_LANGUAGE_STANDARD = gnu17;
				GCC_DYNAMIC_NO_PIC = NO;
				GCC_NO_COMMON_BLOCKS = YES;
				GCC_OPTIMIZATION_LEVEL = 0;
				GCC_PREPROCESSOR_DEFINITIONS = (
					"DEBUG=1",
					"$(inherited)",
				);
				GCC_WARN_64_TO_32_BIT_CONVERSION = YES;
				GCC_WARN_ABOUT_RETURN_TYPE = YES_ERROR;
				GCC_WARN_UNDECLARED_SELECTOR = YES;
				GCC_WARN_UNINITIALIZED_AUTOS = YES_AGGRESSIVE;
				GCC_WARN_UNUSED_FUNCTION = YES;
				GCC_WARN_UNUSED_VARIABLE = YES;
				IPHONEOS_DEPLOYMENT_TARGET = 17.2;
				LOCALIZATION_PREFERS_STRING_CATALOGS = YES;
				MTL_ENABLE_DEBUG_INFO = INCLUDE_SOURCE;
				MTL_FAST_MATH = YES;
				ONLY_ACTIVE_ARCH = YES;
				SDKROOT = iphoneos;
				SWIFT_ACTIVE_COMPILATION_CONDITIONS = "DEBUG $(inherited)";
				SWIFT_OPTIMIZATION_LEVEL = "-Onone";
			};
			name = Debug;
		};
		49923EEA2CB7A1C900D2CBA2 /* Release */ = {
			isa = XCBuildConfiguration;
			buildSettings = {
				ALWAYS_SEARCH_USER_PATHS = NO;
				ASSETCATALOG_COMPILER_GENERATE_SWIFT_ASSET_SYMBOL_EXTENSIONS = YES;
				CLANG_ANALYZER_NONNULL = YES;
				CLANG_ANALYZER_NUMBER_OBJECT_CONVERSION = YES_AGGRESSIVE;
				CLANG_CXX_LANGUAGE_STANDARD = "gnu++20";
				CLANG_ENABLE_MODULES = YES;
				CLANG_ENABLE_OBJC_ARC = YES;
				CLANG_ENABLE_OBJC_WEAK = YES;
				CLANG_WARN_BLOCK_CAPTURE_AUTORELEASING = YES;
				CLANG_WARN_BOOL_CONVERSION = YES;
				CLANG_WARN_COMMA = YES;
				CLANG_WARN_CONSTANT_CONVERSION = YES;
				CLANG_WARN_DEPRECATED_OBJC_IMPLEMENTATIONS = YES;
				CLANG_WARN_DIRECT_OBJC_ISA_USAGE = YES_ERROR;
				CLANG_WARN_DOCUMENTATION_COMMENTS = YES;
				CLANG_WARN_EMPTY_BODY = YES;
				CLANG_WARN_ENUM_CONVERSION = YES;
				CLANG_WARN_INFINITE_RECURSION = YES;
				CLANG_WARN_INT_CONVERSION = YES;
				CLANG_WARN_NON_LITERAL_NULL_CONVERSION = YES;
				CLANG_WARN_OBJC_IMPLICIT_RETAIN_SELF = YES;
				CLANG_WARN_OBJC_LITERAL_CONVERSION = YES;
				CLANG_WARN_OBJC_ROOT_CLASS = YES_ERROR;
				CLANG_WARN_QUOTED_INCLUDE_IN_FRAMEWORK_HEADER = YES;
				CLANG_WARN_RANGE_LOOP_ANALYSIS = YES;
				CLANG_WARN_STRICT_PROTOTYPES = YES;
				CLANG_WARN_SUSPICIOUS_MOVE = YES;
				CLANG_WARN_UNGUARDED_AVAILABILITY = YES_AGGRESSIVE;
				CLANG_WARN_UNREACHABLE_CODE = YES;
				CLANG_WARN__DUPLICATE_METHOD_MATCH = YES;
				COPY_PHASE_STRIP = NO;
				DEBUG_INFORMATION_FORMAT = "dwarf-with-dsym";
				ENABLE_NS_ASSERTIONS = NO;
				ENABLE_STRICT_OBJC_MSGSEND = YES;
				ENABLE_USER_SCRIPT_SANDBOXING = YES;
				GCC_C_LANGUAGE_STANDARD = gnu17;
				GCC_NO_COMMON_BLOCKS = YES;
				GCC_WARN_64_TO_32_BIT_CONVERSION = YES;
				GCC_WARN_ABOUT_RETURN_TYPE = YES_ERROR;
				GCC_WARN_UNDECLARED_SELECTOR = YES;
				GCC_WARN_UNINITIALIZED_AUTOS = YES_AGGRESSIVE;
				GCC_WARN_UNUSED_FUNCTION = YES;
				GCC_WARN_UNUSED_VARIABLE = YES;
				IPHONEOS_DEPLOYMENT_TARGET = 17.2;
				LOCALIZATION_PREFERS_STRING_CATALOGS = YES;
				MTL_ENABLE_DEBUG_INFO = NO;
				MTL_FAST_MATH = YES;
				SDKROOT = iphoneos;
				SWIFT_COMPILATION_MODE = wholemodule;
				VALIDATE_PRODUCT = YES;
			};
			name = Release;
		};
		49923EEC2CB7A1C900D2CBA2 /* Debug */ = {
			isa = XCBuildConfiguration;
			buildSettings = {
				ASSETCATALOG_COMPILER_APPICON_NAME = AppIcon;
				ASSETCATALOG_COMPILER_GLOBAL_ACCENT_COLOR_NAME = AccentColor;
				CODE_SIGN_STYLE = Automatic;
				CURRENT_PROJECT_VERSION = 1;
				DEVELOPMENT_TEAM = M8474T3YG5;
				GENERATE_INFOPLIST_FILE = YES;
				INFOPLIST_FILE = ATLAS/Info.plist;
				INFOPLIST_KEY_UIApplicationSupportsIndirectInputEvents = YES;
				INFOPLIST_KEY_UILaunchStoryboardName = LaunchScreen;
				INFOPLIST_KEY_UIMainStoryboardFile = Main;
				INFOPLIST_KEY_UISupportedInterfaceOrientations_iPad = "UIInterfaceOrientationPortrait UIInterfaceOrientationPortraitUpsideDown UIInterfaceOrientationLandscapeLeft UIInterfaceOrientationLandscapeRight";
				INFOPLIST_KEY_UISupportedInterfaceOrientations_iPhone = "UIInterfaceOrientationPortrait UIInterfaceOrientationLandscapeLeft UIInterfaceOrientationLandscapeRight";
				LD_RUNPATH_SEARCH_PATHS = (
					"$(inherited)",
					"@executable_path/Frameworks",
				);
				MARKETING_VERSION = 1.0;
				PRODUCT_BUNDLE_IDENTIFIER = utcs.ATLAS;
				PRODUCT_NAME = "$(TARGET_NAME)";
				SWIFT_EMIT_LOC_STRINGS = YES;
				SWIFT_VERSION = 5.0;
				TARGETED_DEVICE_FAMILY = "1,2";
			};
			name = Debug;
		};
		49923EED2CB7A1C900D2CBA2 /* Release */ = {
			isa = XCBuildConfiguration;
			buildSettings = {
				ASSETCATALOG_COMPILER_APPICON_NAME = AppIcon;
				ASSETCATALOG_COMPILER_GLOBAL_ACCENT_COLOR_NAME = AccentColor;
				CODE_SIGN_STYLE = Automatic;
				CURRENT_PROJECT_VERSION = 1;
				DEVELOPMENT_TEAM = M8474T3YG5;
				GENERATE_INFOPLIST_FILE = YES;
				INFOPLIST_FILE = ATLAS/Info.plist;
				INFOPLIST_KEY_UIApplicationSupportsIndirectInputEvents = YES;
				INFOPLIST_KEY_UILaunchStoryboardName = LaunchScreen;
				INFOPLIST_KEY_UIMainStoryboardFile = Main;
				INFOPLIST_KEY_UISupportedInterfaceOrientations_iPad = "UIInterfaceOrientationPortrait UIInterfaceOrientationPortraitUpsideDown UIInterfaceOrientationLandscapeLeft UIInterfaceOrientationLandscapeRight";
				INFOPLIST_KEY_UISupportedInterfaceOrientations_iPhone = "UIInterfaceOrientationPortrait UIInterfaceOrientationLandscapeLeft UIInterfaceOrientationLandscapeRight";
				LD_RUNPATH_SEARCH_PATHS = (
					"$(inherited)",
					"@executable_path/Frameworks",
				);
				MARKETING_VERSION = 1.0;
				PRODUCT_BUNDLE_IDENTIFIER = utcs.ATLAS;
				PRODUCT_NAME = "$(TARGET_NAME)";
				SWIFT_EMIT_LOC_STRINGS = YES;
				SWIFT_VERSION = 5.0;
				TARGETED_DEVICE_FAMILY = "1,2";
			};
			name = Release;
		};
/* End XCBuildConfiguration section */

/* Begin XCConfigurationList section */
		49923ED22CB7A1C700D2CBA2 /* Build configuration list for PBXProject "ATLAS" */ = {
			isa = XCConfigurationList;
			buildConfigurations = (
				49923EE92CB7A1C900D2CBA2 /* Debug */,
				49923EEA2CB7A1C900D2CBA2 /* Release */,
			);
			defaultConfigurationIsVisible = 0;
			defaultConfigurationName = Release;
		};
		49923EEB2CB7A1C900D2CBA2 /* Build configuration list for PBXNativeTarget "ATLAS" */ = {
			isa = XCConfigurationList;
			buildConfigurations = (
				49923EEC2CB7A1C900D2CBA2 /* Debug */,
				49923EED2CB7A1C900D2CBA2 /* Release */,
			);
			defaultConfigurationIsVisible = 0;
			defaultConfigurationName = Release;
		};
/* End XCConfigurationList section */

/* Begin XCRemoteSwiftPackageReference section */
		D5BF14542CC17D1E00A0604C /* XCRemoteSwiftPackageReference "firebase-ios-sdk" */ = {
			isa = XCRemoteSwiftPackageReference;
			repositoryURL = "https://github.com/firebase/firebase-ios-sdk";
			requirement = {
				kind = upToNextMajorVersion;
				minimumVersion = 11.3.0;
			};
		};
/* End XCRemoteSwiftPackageReference section */

/* Begin XCSwiftPackageProductDependency section */
		D5BF14552CC17D1E00A0604C /* FirebaseAnalytics */ = {
			isa = XCSwiftPackageProductDependency;
			package = D5BF14542CC17D1E00A0604C /* XCRemoteSwiftPackageReference "firebase-ios-sdk" */;
			productName = FirebaseAnalytics;
		};
		D5BF14572CC17D1E00A0604C /* FirebaseAnalyticsOnDeviceConversion */ = {
			isa = XCSwiftPackageProductDependency;
			package = D5BF14542CC17D1E00A0604C /* XCRemoteSwiftPackageReference "firebase-ios-sdk" */;
			productName = FirebaseAnalyticsOnDeviceConversion;
		};
		D5BF14592CC17D1E00A0604C /* FirebaseAnalyticsWithoutAdIdSupport */ = {
			isa = XCSwiftPackageProductDependency;
			package = D5BF14542CC17D1E00A0604C /* XCRemoteSwiftPackageReference "firebase-ios-sdk" */;
			productName = FirebaseAnalyticsWithoutAdIdSupport;
		};
		D5BF145B2CC17D1E00A0604C /* FirebaseAppCheck */ = {
			isa = XCSwiftPackageProductDependency;
			package = D5BF14542CC17D1E00A0604C /* XCRemoteSwiftPackageReference "firebase-ios-sdk" */;
			productName = FirebaseAppCheck;
		};
		D5BF145D2CC17D1E00A0604C /* FirebaseAppDistribution-Beta */ = {
			isa = XCSwiftPackageProductDependency;
			package = D5BF14542CC17D1E00A0604C /* XCRemoteSwiftPackageReference "firebase-ios-sdk" */;
			productName = "FirebaseAppDistribution-Beta";
		};
		D5BF145F2CC17D1E00A0604C /* FirebaseAuth */ = {
			isa = XCSwiftPackageProductDependency;
			package = D5BF14542CC17D1E00A0604C /* XCRemoteSwiftPackageReference "firebase-ios-sdk" */;
			productName = FirebaseAuth;
		};
		D5BF14612CC17D1E00A0604C /* FirebaseAuthCombine-Community */ = {
			isa = XCSwiftPackageProductDependency;
			package = D5BF14542CC17D1E00A0604C /* XCRemoteSwiftPackageReference "firebase-ios-sdk" */;
			productName = "FirebaseAuthCombine-Community";
		};
		D5BF14632CC17D1E00A0604C /* FirebaseCore */ = {
			isa = XCSwiftPackageProductDependency;
			package = D5BF14542CC17D1E00A0604C /* XCRemoteSwiftPackageReference "firebase-ios-sdk" */;
			productName = FirebaseCore;
		};
		D5BF14652CC17D1E00A0604C /* FirebaseCrashlytics */ = {
			isa = XCSwiftPackageProductDependency;
			package = D5BF14542CC17D1E00A0604C /* XCRemoteSwiftPackageReference "firebase-ios-sdk" */;
			productName = FirebaseCrashlytics;
		};
		D5BF14672CC17D1E00A0604C /* FirebaseDatabase */ = {
			isa = XCSwiftPackageProductDependency;
			package = D5BF14542CC17D1E00A0604C /* XCRemoteSwiftPackageReference "firebase-ios-sdk" */;
			productName = FirebaseDatabase;
		};
		D5BF14692CC17D1E00A0604C /* FirebaseDynamicLinks */ = {
			isa = XCSwiftPackageProductDependency;
			package = D5BF14542CC17D1E00A0604C /* XCRemoteSwiftPackageReference "firebase-ios-sdk" */;
			productName = FirebaseDynamicLinks;
		};
		D5BF146B2CC17D1E00A0604C /* FirebaseFirestore */ = {
			isa = XCSwiftPackageProductDependency;
			package = D5BF14542CC17D1E00A0604C /* XCRemoteSwiftPackageReference "firebase-ios-sdk" */;
			productName = FirebaseFirestore;
		};
		D5BF146D2CC17D1E00A0604C /* FirebaseFirestoreCombine-Community */ = {
			isa = XCSwiftPackageProductDependency;
			package = D5BF14542CC17D1E00A0604C /* XCRemoteSwiftPackageReference "firebase-ios-sdk" */;
			productName = "FirebaseFirestoreCombine-Community";
		};
		D5BF146F2CC17D1E00A0604C /* FirebaseFunctions */ = {
			isa = XCSwiftPackageProductDependency;
			package = D5BF14542CC17D1E00A0604C /* XCRemoteSwiftPackageReference "firebase-ios-sdk" */;
			productName = FirebaseFunctions;
		};
		D5BF14712CC17D1E00A0604C /* FirebaseFunctionsCombine-Community */ = {
			isa = XCSwiftPackageProductDependency;
			package = D5BF14542CC17D1E00A0604C /* XCRemoteSwiftPackageReference "firebase-ios-sdk" */;
			productName = "FirebaseFunctionsCombine-Community";
		};
		D5BF14732CC17D1E00A0604C /* FirebaseInAppMessaging-Beta */ = {
			isa = XCSwiftPackageProductDependency;
			package = D5BF14542CC17D1E00A0604C /* XCRemoteSwiftPackageReference "firebase-ios-sdk" */;
			productName = "FirebaseInAppMessaging-Beta";
		};
		D5BF14752CC17D1E00A0604C /* FirebaseInstallations */ = {
			isa = XCSwiftPackageProductDependency;
			package = D5BF14542CC17D1E00A0604C /* XCRemoteSwiftPackageReference "firebase-ios-sdk" */;
			productName = FirebaseInstallations;
		};
		D5BF14772CC17D1E00A0604C /* FirebaseMLModelDownloader */ = {
			isa = XCSwiftPackageProductDependency;
			package = D5BF14542CC17D1E00A0604C /* XCRemoteSwiftPackageReference "firebase-ios-sdk" */;
			productName = FirebaseMLModelDownloader;
		};
		D5BF14792CC17D1E00A0604C /* FirebaseMessaging */ = {
			isa = XCSwiftPackageProductDependency;
			package = D5BF14542CC17D1E00A0604C /* XCRemoteSwiftPackageReference "firebase-ios-sdk" */;
			productName = FirebaseMessaging;
		};
		D5BF147B2CC17D1E00A0604C /* FirebasePerformance */ = {
			isa = XCSwiftPackageProductDependency;
			package = D5BF14542CC17D1E00A0604C /* XCRemoteSwiftPackageReference "firebase-ios-sdk" */;
			productName = FirebasePerformance;
		};
		D5BF147D2CC17D1E00A0604C /* FirebaseRemoteConfig */ = {
			isa = XCSwiftPackageProductDependency;
			package = D5BF14542CC17D1E00A0604C /* XCRemoteSwiftPackageReference "firebase-ios-sdk" */;
			productName = FirebaseRemoteConfig;
		};
		D5BF147F2CC17D1E00A0604C /* FirebaseStorage */ = {
			isa = XCSwiftPackageProductDependency;
			package = D5BF14542CC17D1E00A0604C /* XCRemoteSwiftPackageReference "firebase-ios-sdk" */;
			productName = FirebaseStorage;
		};
		D5BF14812CC17D1E00A0604C /* FirebaseStorageCombine-Community */ = {
			isa = XCSwiftPackageProductDependency;
			package = D5BF14542CC17D1E00A0604C /* XCRemoteSwiftPackageReference "firebase-ios-sdk" */;
			productName = "FirebaseStorageCombine-Community";
		};
		D5BF14832CC17D1E00A0604C /* FirebaseVertexAI-Preview */ = {
			isa = XCSwiftPackageProductDependency;
			package = D5BF14542CC17D1E00A0604C /* XCRemoteSwiftPackageReference "firebase-ios-sdk" */;
			productName = "FirebaseVertexAI-Preview";
		};
/* End XCSwiftPackageProductDependency section */
	};
	rootObject = 49923ECF2CB7A1C700D2CBA2 /* Project object */;
}
