// !$*UTF8*$!
{
	archiveVersion = 1;
	classes = {
	};
	objectVersion = 56;
	objects = {

/* Begin PBXBuildFile section */
		2E65EBD32CC78E6A00972C99 /* logo.png in Resources */ = {isa = PBXBuildFile; fileRef = 2E65EBD22CC78E6A00972C99 /* logo.png */; };
		42397A5F2CC6D2A100AB85EA /* NewUserSetupViewController.swift in Sources */ = {isa = PBXBuildFile; fileRef = 42397A5E2CC6D2A100AB85EA /* NewUserSetupViewController.swift */; };
		42397A612CC6EC6F00AB85EA /* ForgotChangePasswordViewController.swift in Sources */ = {isa = PBXBuildFile; fileRef = 42397A602CC6EC6F00AB85EA /* ForgotChangePasswordViewController.swift */; };
		42BE6B022CF081B6007C020F /* GameState.swift in Sources */ = {isa = PBXBuildFile; fileRef = 42BE6B012CF081B6007C020F /* GameState.swift */; };
		493358532CC7076900AD4797 /* MapViewController.swift in Sources */ = {isa = PBXBuildFile; fileRef = 493358522CC7076900AD4797 /* MapViewController.swift */; };
		493358552CC71A1300AD4797 /* UserGuideStoryboard.storyboard in Resources */ = {isa = PBXBuildFile; fileRef = 493358542CC71A1300AD4797 /* UserGuideStoryboard.storyboard */; };
		493358572CC71F7800AD4797 /* UserGuideViewController.swift in Sources */ = {isa = PBXBuildFile; fileRef = 493358562CC71F7800AD4797 /* UserGuideViewController.swift */; };
		493358592CC745B300AD4797 /* UnlockedAreasViewController.swift in Sources */ = {isa = PBXBuildFile; fileRef = 493358582CC745B200AD4797 /* UnlockedAreasViewController.swift */; };
		49923EDB2CB7A1C700D2CBA2 /* AppDelegate.swift in Sources */ = {isa = PBXBuildFile; fileRef = 49923EDA2CB7A1C700D2CBA2 /* AppDelegate.swift */; };
		49923EDD2CB7A1C700D2CBA2 /* SceneDelegate.swift in Sources */ = {isa = PBXBuildFile; fileRef = 49923EDC2CB7A1C700D2CBA2 /* SceneDelegate.swift */; };
		49923EE22CB7A1C700D2CBA2 /* Base in Resources */ = {isa = PBXBuildFile; fileRef = 49923EE12CB7A1C700D2CBA2 /* Base */; };
		49923EE42CB7A1C900D2CBA2 /* Assets.xcassets in Resources */ = {isa = PBXBuildFile; fileRef = 49923EE32CB7A1C900D2CBA2 /* Assets.xcassets */; };
		49923EE72CB7A1C900D2CBA2 /* Base in Resources */ = {isa = PBXBuildFile; fileRef = 49923EE62CB7A1C900D2CBA2 /* Base */; };
		49A1839B2CDD9C1700539CDF /* gpxgenerator_path.gpx in Resources */ = {isa = PBXBuildFile; fileRef = 49A1839A2CDD9C1700539CDF /* gpxgenerator_path.gpx */; };
		49A1839D2CDD9CAE00539CDF /* gpxStudio_path.gpx in Resources */ = {isa = PBXBuildFile; fileRef = 49A1839C2CDD9CAE00539CDF /* gpxStudio_path.gpx */; };
		49A44DFD2CD17F6F0005FD65 /* LoginPageViewStoryboard.storyboard in Resources */ = {isa = PBXBuildFile; fileRef = 49A44DFC2CD17F6F0005FD65 /* LoginPageViewStoryboard.storyboard */; };
		49A44E012CD17F880005FD65 /* NewUserSetupStoryboard.storyboard in Resources */ = {isa = PBXBuildFile; fileRef = 49A44E002CD17F880005FD65 /* NewUserSetupStoryboard.storyboard */; };
		49A44E032CD17F890005FD65 /* ForgotChangePasswordStoryboard .storyboard in Resources */ = {isa = PBXBuildFile; fileRef = 49A44E022CD17F890005FD65 /* ForgotChangePasswordStoryboard .storyboard */; };
		49A44E052CD17F8A0005FD65 /* MapStoryboard.storyboard in Resources */ = {isa = PBXBuildFile; fileRef = 49A44E042CD17F8A0005FD65 /* MapStoryboard.storyboard */; };
		49A44E072CD17F8A0005FD65 /* MiniGameStoryboard.storyboard in Resources */ = {isa = PBXBuildFile; fileRef = 49A44E062CD17F8A0005FD65 /* MiniGameStoryboard.storyboard */; };
		49A44E092CD17F8B0005FD65 /* LocationInfoStoryboard.storyboard in Resources */ = {isa = PBXBuildFile; fileRef = 49A44E082CD17F8B0005FD65 /* LocationInfoStoryboard.storyboard */; };
		49A44E0B2CD17F8C0005FD65 /* HamburgerMenuStoryboard.storyboard in Resources */ = {isa = PBXBuildFile; fileRef = 49A44E0A2CD17F8C0005FD65 /* HamburgerMenuStoryboard.storyboard */; };
		49A44E0D2CD17F8C0005FD65 /* SettingsStoryboard.storyboard in Resources */ = {isa = PBXBuildFile; fileRef = 49A44E0C2CD17F8C0005FD65 /* SettingsStoryboard.storyboard */; };
		49A44E152CD1E82C0005FD65 /* LoadingStoryboard.storyboard in Resources */ = {isa = PBXBuildFile; fileRef = 49A44E142CD1E82C0005FD65 /* LoadingStoryboard.storyboard */; };
		49A44E202CD1EB9E0005FD65 /* UnlockedStoryboard.storyboard in Resources */ = {isa = PBXBuildFile; fileRef = 49A44E1F2CD1EB9E0005FD65 /* UnlockedStoryboard.storyboard */; };
		49C0F4272CE40DDD00206DBC /* LocationInfoViewController.swift in Sources */ = {isa = PBXBuildFile; fileRef = 49C0F4262CE40DDD00206DBC /* LocationInfoViewController.swift */; };
		49D3DB3F2CE1AC73001FC303 /* PointsOfInterest.swift in Sources */ = {isa = PBXBuildFile; fileRef = 49D3DB3E2CE1AC73001FC303 /* PointsOfInterest.swift */; };
		D52B90A82D02898800E36E4E /* StadiumGameViewController.swift in Sources */ = {isa = PBXBuildFile; fileRef = D52B90A72D02898800E36E4E /* StadiumGameViewController.swift */; };
		D539673F2CC8A5C30090A39E /* MenuPopUpViewController.swift in Sources */ = {isa = PBXBuildFile; fileRef = D539673E2CC8A5C30090A39E /* MenuPopUpViewController.swift */; };
		D53967412CC9CD570090A39E /* UserSettingsViewController.swift in Sources */ = {isa = PBXBuildFile; fileRef = D53967402CC9CD570090A39E /* UserSettingsViewController.swift */; };
		D54921392CFD568600D4AB54 /* LeaderboardViewController.swift in Sources */ = {isa = PBXBuildFile; fileRef = D54921382CFD568600D4AB54 /* LeaderboardViewController.swift */; };
		D54921552D01444100D4AB54 /* FountainTriviaViewController.swift in Sources */ = {isa = PBXBuildFile; fileRef = D54921542D01444100D4AB54 /* FountainTriviaViewController.swift */; };
		D5700B792CE41EBF00DF425D /* FirebaseAnalytics in Frameworks */ = {isa = PBXBuildFile; productRef = D5BF14552CC17D1E00A0604C /* FirebaseAnalytics */; };
		D5700B7C2CE4230800DF425D /* FirebaseAnalytics in Frameworks */ = {isa = PBXBuildFile; productRef = D5700B7B2CE4230800DF425D /* FirebaseAnalytics */; };
		D5700B7E2CE4230800DF425D /* FirebaseAnalyticsOnDeviceConversion in Frameworks */ = {isa = PBXBuildFile; productRef = D5700B7D2CE4230800DF425D /* FirebaseAnalyticsOnDeviceConversion */; };
		D5700B802CE4230800DF425D /* FirebaseAnalyticsWithoutAdIdSupport in Frameworks */ = {isa = PBXBuildFile; productRef = D5700B7F2CE4230800DF425D /* FirebaseAnalyticsWithoutAdIdSupport */; };
		D5700B822CE4230800DF425D /* FirebaseAppCheck in Frameworks */ = {isa = PBXBuildFile; productRef = D5700B812CE4230800DF425D /* FirebaseAppCheck */; };
		D5700B842CE4230800DF425D /* FirebaseAppDistribution-Beta in Frameworks */ = {isa = PBXBuildFile; productRef = D5700B832CE4230800DF425D /* FirebaseAppDistribution-Beta */; };
		D5700B862CE4230800DF425D /* FirebaseAuth in Frameworks */ = {isa = PBXBuildFile; productRef = D5700B852CE4230800DF425D /* FirebaseAuth */; };
		D5700B882CE4230800DF425D /* FirebaseAuthCombine-Community in Frameworks */ = {isa = PBXBuildFile; productRef = D5700B872CE4230800DF425D /* FirebaseAuthCombine-Community */; };
		D5700B8A2CE4230800DF425D /* FirebaseCore in Frameworks */ = {isa = PBXBuildFile; productRef = D5700B892CE4230800DF425D /* FirebaseCore */; };
		D5700B8C2CE4230800DF425D /* FirebaseCrashlytics in Frameworks */ = {isa = PBXBuildFile; productRef = D5700B8B2CE4230800DF425D /* FirebaseCrashlytics */; };
		D5700B8E2CE4230800DF425D /* FirebaseDatabase in Frameworks */ = {isa = PBXBuildFile; productRef = D5700B8D2CE4230800DF425D /* FirebaseDatabase */; };
		D5700B902CE4230800DF425D /* FirebaseDynamicLinks in Frameworks */ = {isa = PBXBuildFile; productRef = D5700B8F2CE4230800DF425D /* FirebaseDynamicLinks */; };
		D5700B922CE4230800DF425D /* FirebaseFirestore in Frameworks */ = {isa = PBXBuildFile; productRef = D5700B912CE4230800DF425D /* FirebaseFirestore */; };
		D5700B942CE4230800DF425D /* FirebaseFirestoreCombine-Community in Frameworks */ = {isa = PBXBuildFile; productRef = D5700B932CE4230800DF425D /* FirebaseFirestoreCombine-Community */; };
		D5700B962CE4230800DF425D /* FirebaseFunctions in Frameworks */ = {isa = PBXBuildFile; productRef = D5700B952CE4230800DF425D /* FirebaseFunctions */; };
		D5700B982CE4230800DF425D /* FirebaseFunctionsCombine-Community in Frameworks */ = {isa = PBXBuildFile; productRef = D5700B972CE4230800DF425D /* FirebaseFunctionsCombine-Community */; };
		D5700B9A2CE4230800DF425D /* FirebaseInAppMessaging-Beta in Frameworks */ = {isa = PBXBuildFile; productRef = D5700B992CE4230800DF425D /* FirebaseInAppMessaging-Beta */; };
		D5700B9C2CE4230800DF425D /* FirebaseInstallations in Frameworks */ = {isa = PBXBuildFile; productRef = D5700B9B2CE4230800DF425D /* FirebaseInstallations */; };
		D5700B9E2CE4230800DF425D /* FirebaseMLModelDownloader in Frameworks */ = {isa = PBXBuildFile; productRef = D5700B9D2CE4230800DF425D /* FirebaseMLModelDownloader */; };
		D5700BA02CE4230800DF425D /* FirebaseMessaging in Frameworks */ = {isa = PBXBuildFile; productRef = D5700B9F2CE4230800DF425D /* FirebaseMessaging */; };
		D5700BA22CE4230800DF425D /* FirebasePerformance in Frameworks */ = {isa = PBXBuildFile; productRef = D5700BA12CE4230800DF425D /* FirebasePerformance */; };
		D5700BA42CE4230800DF425D /* FirebaseRemoteConfig in Frameworks */ = {isa = PBXBuildFile; productRef = D5700BA32CE4230800DF425D /* FirebaseRemoteConfig */; };
		D5700BA62CE4230800DF425D /* FirebaseStorage in Frameworks */ = {isa = PBXBuildFile; productRef = D5700BA52CE4230800DF425D /* FirebaseStorage */; };
		D5700BA82CE4230800DF425D /* FirebaseStorageCombine-Community in Frameworks */ = {isa = PBXBuildFile; productRef = D5700BA72CE4230800DF425D /* FirebaseStorageCombine-Community */; };
		D5700BAA2CE4230800DF425D /* FirebaseVertexAI in Frameworks */ = {isa = PBXBuildFile; productRef = D5700BA92CE4230800DF425D /* FirebaseVertexAI */; };
		D5700BAD2CE4232800DF425D /* GEOSwift in Frameworks */ = {isa = PBXBuildFile; productRef = D5700BAC2CE4232800DF425D /* GEOSwift */; };
		D57170D12CBF93F7002326DE /* GameInstructionsViewController.swift in Sources */ = {isa = PBXBuildFile; fileRef = D57170D02CBF93F7002326DE /* GameInstructionsViewController.swift */; };
		D57D7B4C2CDA892B00963080 /* LoginViewController.swift in Sources */ = {isa = PBXBuildFile; fileRef = D57D7B4B2CDA892B00963080 /* LoginViewController.swift */; };
		D596C2852CBF39F60047E563 /* MiniGameViewController.swift in Sources */ = {isa = PBXBuildFile; fileRef = D596C2842CBF39F60047E563 /* MiniGameViewController.swift */; };
		D5AE62B02CE1DB3100ADE034 /* FriendsListStoryboard.storyboard in Resources */ = {isa = PBXBuildFile; fileRef = D5AE62AF2CE1DB3100ADE034 /* FriendsListStoryboard.storyboard */; };
		D5AE62B22CE1DF4B00ADE034 /* FriendsListViewController.swift in Sources */ = {isa = PBXBuildFile; fileRef = D5AE62B12CE1DF4B00ADE034 /* FriendsListViewController.swift */; };
		D5AE62B42CE2853600ADE034 /* FriendsListTableViewCell.swift in Sources */ = {isa = PBXBuildFile; fileRef = D5AE62B32CE2853600ADE034 /* FriendsListTableViewCell.swift */; };
		D5BC7D182CEC1B42000D28AB /* PickProfilePictureViewController.swift in Sources */ = {isa = PBXBuildFile; fileRef = D5BC7D172CEC1B42000D28AB /* PickProfilePictureViewController.swift */; };
		D5BC7D3A2CF2956B000D28AB /* LeaderboardStoryboard.storyboard in Resources */ = {isa = PBXBuildFile; fileRef = D5BC7D392CF2956B000D28AB /* LeaderboardStoryboard.storyboard */; };
		D5BC7D3C2CF29D9D000D28AB /* LeaderboardTableViewCell.swift in Sources */ = {isa = PBXBuildFile; fileRef = D5BC7D3B2CF29D9D000D28AB /* LeaderboardTableViewCell.swift */; };
		D5BC7D622CF6759C000D28AB /* ATLAS.xcdatamodeld in Sources */ = {isa = PBXBuildFile; fileRef = D5BC7D602CF6759C000D28AB /* ATLAS.xcdatamodeld */; };
		D5BF144D2CC0579700A0604C /* FirstRoundTowerViewController.swift in Sources */ = {isa = PBXBuildFile; fileRef = D5BF144C2CC0579700A0604C /* FirstRoundTowerViewController.swift */; };
		D5BF144F2CC0727400A0604C /* SecondRoundTowerViewController.swift in Sources */ = {isa = PBXBuildFile; fileRef = D5BF144E2CC0727400A0604C /* SecondRoundTowerViewController.swift */; };
		D5BF14512CC07C8A00A0604C /* ThirdRoundTowerViewController.swift in Sources */ = {isa = PBXBuildFile; fileRef = D5BF14502CC07C8A00A0604C /* ThirdRoundTowerViewController.swift */; };
		D5BF14532CC0C79C00A0604C /* WonGameViewController.swift in Sources */ = {isa = PBXBuildFile; fileRef = D5BF14522CC0C79C00A0604C /* WonGameViewController.swift */; };
		D5BF14862CC17E8900A0604C /* GoogleService-Info.plist in Resources */ = {isa = PBXBuildFile; fileRef = D5BF14852CC17E8900A0604C /* GoogleService-Info.plist */; };
/* End PBXBuildFile section */

/* Begin PBXFileReference section */
		2E65EBD22CC78E6A00972C99 /* logo.png */ = {isa = PBXFileReference; lastKnownFileType = image.png; path = logo.png; sourceTree = "<group>"; };
		42397A5E2CC6D2A100AB85EA /* NewUserSetupViewController.swift */ = {isa = PBXFileReference; lastKnownFileType = sourcecode.swift; path = NewUserSetupViewController.swift; sourceTree = "<group>"; };
		42397A602CC6EC6F00AB85EA /* ForgotChangePasswordViewController.swift */ = {isa = PBXFileReference; lastKnownFileType = sourcecode.swift; path = ForgotChangePasswordViewController.swift; sourceTree = "<group>"; };
		42BE6B012CF081B6007C020F /* GameState.swift */ = {isa = PBXFileReference; lastKnownFileType = sourcecode.swift; path = GameState.swift; sourceTree = "<group>"; };
		493358522CC7076900AD4797 /* MapViewController.swift */ = {isa = PBXFileReference; lastKnownFileType = sourcecode.swift; path = MapViewController.swift; sourceTree = "<group>"; };
		493358542CC71A1300AD4797 /* UserGuideStoryboard.storyboard */ = {isa = PBXFileReference; lastKnownFileType = file.storyboard; path = UserGuideStoryboard.storyboard; sourceTree = "<group>"; };
		493358562CC71F7800AD4797 /* UserGuideViewController.swift */ = {isa = PBXFileReference; lastKnownFileType = sourcecode.swift; path = UserGuideViewController.swift; sourceTree = "<group>"; };
		493358582CC745B200AD4797 /* UnlockedAreasViewController.swift */ = {isa = PBXFileReference; lastKnownFileType = sourcecode.swift; path = UnlockedAreasViewController.swift; sourceTree = "<group>"; };
		49923ED72CB7A1C700D2CBA2 /* ATLAS.app */ = {isa = PBXFileReference; explicitFileType = wrapper.application; includeInIndex = 0; path = ATLAS.app; sourceTree = BUILT_PRODUCTS_DIR; };
		49923EDA2CB7A1C700D2CBA2 /* AppDelegate.swift */ = {isa = PBXFileReference; lastKnownFileType = sourcecode.swift; path = AppDelegate.swift; sourceTree = "<group>"; };
		49923EDC2CB7A1C700D2CBA2 /* SceneDelegate.swift */ = {isa = PBXFileReference; lastKnownFileType = sourcecode.swift; path = SceneDelegate.swift; sourceTree = "<group>"; };
		49923EE12CB7A1C700D2CBA2 /* Base */ = {isa = PBXFileReference; lastKnownFileType = file.storyboard; name = Base; path = Base.lproj/Main.storyboard; sourceTree = "<group>"; };
		49923EE32CB7A1C900D2CBA2 /* Assets.xcassets */ = {isa = PBXFileReference; lastKnownFileType = folder.assetcatalog; path = Assets.xcassets; sourceTree = "<group>"; };
		49923EE62CB7A1C900D2CBA2 /* Base */ = {isa = PBXFileReference; lastKnownFileType = file.storyboard; name = Base; path = Base.lproj/LaunchScreen.storyboard; sourceTree = "<group>"; };
		49923EE82CB7A1C900D2CBA2 /* Info.plist */ = {isa = PBXFileReference; lastKnownFileType = text.plist.xml; path = Info.plist; sourceTree = "<group>"; };
		49A1839A2CDD9C1700539CDF /* gpxgenerator_path.gpx */ = {isa = PBXFileReference; lastKnownFileType = text.xml; path = gpxgenerator_path.gpx; sourceTree = "<group>"; };
		49A1839C2CDD9CAE00539CDF /* gpxStudio_path.gpx */ = {isa = PBXFileReference; lastKnownFileType = text.xml; path = gpxStudio_path.gpx; sourceTree = "<group>"; };
		49A44DFC2CD17F6F0005FD65 /* LoginPageViewStoryboard.storyboard */ = {isa = PBXFileReference; lastKnownFileType = file.storyboard; path = LoginPageViewStoryboard.storyboard; sourceTree = "<group>"; };
		49A44E002CD17F880005FD65 /* NewUserSetupStoryboard.storyboard */ = {isa = PBXFileReference; lastKnownFileType = file.storyboard; path = NewUserSetupStoryboard.storyboard; sourceTree = "<group>"; };
		49A44E022CD17F890005FD65 /* ForgotChangePasswordStoryboard .storyboard */ = {isa = PBXFileReference; lastKnownFileType = file.storyboard; path = "ForgotChangePasswordStoryboard .storyboard"; sourceTree = "<group>"; };
		49A44E042CD17F8A0005FD65 /* MapStoryboard.storyboard */ = {isa = PBXFileReference; lastKnownFileType = file.storyboard; path = MapStoryboard.storyboard; sourceTree = "<group>"; };
		49A44E062CD17F8A0005FD65 /* MiniGameStoryboard.storyboard */ = {isa = PBXFileReference; lastKnownFileType = file.storyboard; path = MiniGameStoryboard.storyboard; sourceTree = "<group>"; };
		49A44E082CD17F8B0005FD65 /* LocationInfoStoryboard.storyboard */ = {isa = PBXFileReference; lastKnownFileType = file.storyboard; path = LocationInfoStoryboard.storyboard; sourceTree = "<group>"; };
		49A44E0A2CD17F8C0005FD65 /* HamburgerMenuStoryboard.storyboard */ = {isa = PBXFileReference; lastKnownFileType = file.storyboard; path = HamburgerMenuStoryboard.storyboard; sourceTree = "<group>"; };
		49A44E0C2CD17F8C0005FD65 /* SettingsStoryboard.storyboard */ = {isa = PBXFileReference; lastKnownFileType = file.storyboard; path = SettingsStoryboard.storyboard; sourceTree = "<group>"; };
		49A44E142CD1E82C0005FD65 /* LoadingStoryboard.storyboard */ = {isa = PBXFileReference; lastKnownFileType = file.storyboard; path = LoadingStoryboard.storyboard; sourceTree = "<group>"; };
		49A44E1F2CD1EB9E0005FD65 /* UnlockedStoryboard.storyboard */ = {isa = PBXFileReference; lastKnownFileType = file.storyboard; path = UnlockedStoryboard.storyboard; sourceTree = "<group>"; };
		49C0F4262CE40DDD00206DBC /* LocationInfoViewController.swift */ = {isa = PBXFileReference; lastKnownFileType = sourcecode.swift; path = LocationInfoViewController.swift; sourceTree = "<group>"; };
		49D3DB3E2CE1AC73001FC303 /* PointsOfInterest.swift */ = {isa = PBXFileReference; lastKnownFileType = sourcecode.swift; path = PointsOfInterest.swift; sourceTree = "<group>"; };
		D52B90A72D02898800E36E4E /* StadiumGameViewController.swift */ = {isa = PBXFileReference; lastKnownFileType = sourcecode.swift; path = StadiumGameViewController.swift; sourceTree = "<group>"; };
		D539673E2CC8A5C30090A39E /* MenuPopUpViewController.swift */ = {isa = PBXFileReference; lastKnownFileType = sourcecode.swift; path = MenuPopUpViewController.swift; sourceTree = "<group>"; };
		D53967402CC9CD570090A39E /* UserSettingsViewController.swift */ = {isa = PBXFileReference; lastKnownFileType = sourcecode.swift; path = UserSettingsViewController.swift; sourceTree = "<group>"; };
		D54921382CFD568600D4AB54 /* LeaderboardViewController.swift */ = {isa = PBXFileReference; lastKnownFileType = sourcecode.swift; path = LeaderboardViewController.swift; sourceTree = "<group>"; };
		D54921542D01444100D4AB54 /* FountainTriviaViewController.swift */ = {isa = PBXFileReference; lastKnownFileType = sourcecode.swift; path = FountainTriviaViewController.swift; sourceTree = "<group>"; };
		D57170D02CBF93F7002326DE /* GameInstructionsViewController.swift */ = {isa = PBXFileReference; lastKnownFileType = sourcecode.swift; path = GameInstructionsViewController.swift; sourceTree = "<group>"; };
		D57D7B4B2CDA892B00963080 /* LoginViewController.swift */ = {isa = PBXFileReference; lastKnownFileType = sourcecode.swift; path = LoginViewController.swift; sourceTree = "<group>"; };
		D596C2842CBF39F60047E563 /* MiniGameViewController.swift */ = {isa = PBXFileReference; lastKnownFileType = sourcecode.swift; path = MiniGameViewController.swift; sourceTree = "<group>"; };
		D5AE62AF2CE1DB3100ADE034 /* FriendsListStoryboard.storyboard */ = {isa = PBXFileReference; lastKnownFileType = file.storyboard; path = FriendsListStoryboard.storyboard; sourceTree = "<group>"; };
		D5AE62B12CE1DF4B00ADE034 /* FriendsListViewController.swift */ = {isa = PBXFileReference; lastKnownFileType = sourcecode.swift; path = FriendsListViewController.swift; sourceTree = "<group>"; };
		D5AE62B32CE2853600ADE034 /* FriendsListTableViewCell.swift */ = {isa = PBXFileReference; lastKnownFileType = sourcecode.swift; path = FriendsListTableViewCell.swift; sourceTree = "<group>"; };
		D5BC7D172CEC1B42000D28AB /* PickProfilePictureViewController.swift */ = {isa = PBXFileReference; lastKnownFileType = sourcecode.swift; path = PickProfilePictureViewController.swift; sourceTree = "<group>"; };
		D5BC7D392CF2956B000D28AB /* LeaderboardStoryboard.storyboard */ = {isa = PBXFileReference; lastKnownFileType = file.storyboard; path = LeaderboardStoryboard.storyboard; sourceTree = "<group>"; };
		D5BC7D3B2CF29D9D000D28AB /* LeaderboardTableViewCell.swift */ = {isa = PBXFileReference; lastKnownFileType = sourcecode.swift; path = LeaderboardTableViewCell.swift; sourceTree = "<group>"; };
		D5BC7D612CF6759C000D28AB /* ATLAS.xcdatamodel */ = {isa = PBXFileReference; lastKnownFileType = wrapper.xcdatamodel; path = ATLAS.xcdatamodel; sourceTree = "<group>"; };
		D5BF144C2CC0579700A0604C /* FirstRoundTowerViewController.swift */ = {isa = PBXFileReference; lastKnownFileType = sourcecode.swift; path = FirstRoundTowerViewController.swift; sourceTree = "<group>"; };
		D5BF144E2CC0727400A0604C /* SecondRoundTowerViewController.swift */ = {isa = PBXFileReference; lastKnownFileType = sourcecode.swift; path = SecondRoundTowerViewController.swift; sourceTree = "<group>"; };
		D5BF14502CC07C8A00A0604C /* ThirdRoundTowerViewController.swift */ = {isa = PBXFileReference; lastKnownFileType = sourcecode.swift; path = ThirdRoundTowerViewController.swift; sourceTree = "<group>"; };
		D5BF14522CC0C79C00A0604C /* WonGameViewController.swift */ = {isa = PBXFileReference; lastKnownFileType = sourcecode.swift; path = WonGameViewController.swift; sourceTree = "<group>"; };
		D5BF14852CC17E8900A0604C /* GoogleService-Info.plist */ = {isa = PBXFileReference; fileEncoding = 4; lastKnownFileType = text.plist.xml; path = "GoogleService-Info.plist"; sourceTree = "<group>"; };
/* End PBXFileReference section */

/* Begin PBXFrameworksBuildPhase section */
		49923ED42CB7A1C700D2CBA2 /* Frameworks */ = {
			isa = PBXFrameworksBuildPhase;
			buildActionMask = 2147483647;
			files = (
				D5700B7C2CE4230800DF425D /* FirebaseAnalytics in Frameworks */,
				D5700B922CE4230800DF425D /* FirebaseFirestore in Frameworks */,
				D5700B7E2CE4230800DF425D /* FirebaseAnalyticsOnDeviceConversion in Frameworks */,
				D5700B9C2CE4230800DF425D /* FirebaseInstallations in Frameworks */,
				D5700B792CE41EBF00DF425D /* FirebaseAnalytics in Frameworks */,
				D5700B822CE4230800DF425D /* FirebaseAppCheck in Frameworks */,
				D5700B9A2CE4230800DF425D /* FirebaseInAppMessaging-Beta in Frameworks */,
				D5700B802CE4230800DF425D /* FirebaseAnalyticsWithoutAdIdSupport in Frameworks */,
				D5700B862CE4230800DF425D /* FirebaseAuth in Frameworks */,
				D5700B982CE4230800DF425D /* FirebaseFunctionsCombine-Community in Frameworks */,
				D5700BA82CE4230800DF425D /* FirebaseStorageCombine-Community in Frameworks */,
				D5700B842CE4230800DF425D /* FirebaseAppDistribution-Beta in Frameworks */,
				D5700BAA2CE4230800DF425D /* FirebaseVertexAI in Frameworks */,
				D5700BA62CE4230800DF425D /* FirebaseStorage in Frameworks */,
				D5700BA42CE4230800DF425D /* FirebaseRemoteConfig in Frameworks */,
				D5700B8C2CE4230800DF425D /* FirebaseCrashlytics in Frameworks */,
				D5700BA02CE4230800DF425D /* FirebaseMessaging in Frameworks */,
				D5700B9E2CE4230800DF425D /* FirebaseMLModelDownloader in Frameworks */,
				D5700BA22CE4230800DF425D /* FirebasePerformance in Frameworks */,
				D5700B8E2CE4230800DF425D /* FirebaseDatabase in Frameworks */,
				D5700B8A2CE4230800DF425D /* FirebaseCore in Frameworks */,
				D5700B882CE4230800DF425D /* FirebaseAuthCombine-Community in Frameworks */,
				D5700B962CE4230800DF425D /* FirebaseFunctions in Frameworks */,
				D5700B902CE4230800DF425D /* FirebaseDynamicLinks in Frameworks */,
				D5700BAD2CE4232800DF425D /* GEOSwift in Frameworks */,
				D5700B942CE4230800DF425D /* FirebaseFirestoreCombine-Community in Frameworks */,
			);
			runOnlyForDeploymentPostprocessing = 0;
		};
/* End PBXFrameworksBuildPhase section */

/* Begin PBXGroup section */
		49923ECE2CB7A1C700D2CBA2 = {
			isa = PBXGroup;
			children = (
				49923ED92CB7A1C700D2CBA2 /* ATLAS */,
				49923ED82CB7A1C700D2CBA2 /* Products */,
			);
			sourceTree = "<group>";
		};
		49923ED82CB7A1C700D2CBA2 /* Products */ = {
			isa = PBXGroup;
			children = (
				49923ED72CB7A1C700D2CBA2 /* ATLAS.app */,
			);
			name = Products;
			sourceTree = "<group>";
		};
		49923ED92CB7A1C700D2CBA2 /* ATLAS */ = {
			isa = PBXGroup;
			children = (
				49923EE02CB7A1C700D2CBA2 /* Main.storyboard */,
				D5AE62AF2CE1DB3100ADE034 /* FriendsListStoryboard.storyboard */,
				49A44E0A2CD17F8C0005FD65 /* HamburgerMenuStoryboard.storyboard */,
				49A44E142CD1E82C0005FD65 /* LoadingStoryboard.storyboard */,
				49A44E082CD17F8B0005FD65 /* LocationInfoStoryboard.storyboard */,
				D5BC7D392CF2956B000D28AB /* LeaderboardStoryboard.storyboard */,
				49A44E062CD17F8A0005FD65 /* MiniGameStoryboard.storyboard */,
				49A44E042CD17F8A0005FD65 /* MapStoryboard.storyboard */,
				49A44E022CD17F890005FD65 /* ForgotChangePasswordStoryboard .storyboard */,
				49A44E002CD17F880005FD65 /* NewUserSetupStoryboard.storyboard */,
				49A44DFC2CD17F6F0005FD65 /* LoginPageViewStoryboard.storyboard */,
				49A44E0C2CD17F8C0005FD65 /* SettingsStoryboard.storyboard */,
				493358542CC71A1300AD4797 /* UserGuideStoryboard.storyboard */,
				49A44E1F2CD1EB9E0005FD65 /* UnlockedStoryboard.storyboard */,
				49923EDA2CB7A1C700D2CBA2 /* AppDelegate.swift */,
				D5BF144C2CC0579700A0604C /* FirstRoundTowerViewController.swift */,
				D5AE62B12CE1DF4B00ADE034 /* FriendsListViewController.swift */,
				D5AE62B32CE2853600ADE034 /* FriendsListTableViewCell.swift */,
				42397A602CC6EC6F00AB85EA /* ForgotChangePasswordViewController.swift */,
				D54921542D01444100D4AB54 /* FountainTriviaViewController.swift */,
				D57170D02CBF93F7002326DE /* GameInstructionsViewController.swift */,
				D5BC7D3B2CF29D9D000D28AB /* LeaderboardTableViewCell.swift */,
				D54921382CFD568600D4AB54 /* LeaderboardViewController.swift */,
				49C0F4262CE40DDD00206DBC /* LocationInfoViewController.swift */,
				D57D7B4B2CDA892B00963080 /* LoginViewController.swift */,
				493358522CC7076900AD4797 /* MapViewController.swift */,
				D539673E2CC8A5C30090A39E /* MenuPopUpViewController.swift */,
				D596C2842CBF39F60047E563 /* MiniGameViewController.swift */,
				42397A5E2CC6D2A100AB85EA /* NewUserSetupViewController.swift */,
				D5BC7D172CEC1B42000D28AB /* PickProfilePictureViewController.swift */,
				49923EDC2CB7A1C700D2CBA2 /* SceneDelegate.swift */,
				D5BF144E2CC0727400A0604C /* SecondRoundTowerViewController.swift */,
				D52B90A72D02898800E36E4E /* StadiumGameViewController.swift */,
				D5BF14502CC07C8A00A0604C /* ThirdRoundTowerViewController.swift */,
				D53967402CC9CD570090A39E /* UserSettingsViewController.swift */,
				493358562CC71F7800AD4797 /* UserGuideViewController.swift */,
				493358582CC745B200AD4797 /* UnlockedAreasViewController.swift */,
				42BE6B012CF081B6007C020F /* GameState.swift */,
				D5BF14522CC0C79C00A0604C /* WonGameViewController.swift */,
				49D3DB3E2CE1AC73001FC303 /* PointsOfInterest.swift */,
				D5BF14852CC17E8900A0604C /* GoogleService-Info.plist */,
				49923EE32CB7A1C900D2CBA2 /* Assets.xcassets */,
				49923EE52CB7A1C900D2CBA2 /* LaunchScreen.storyboard */,
				49923EE82CB7A1C900D2CBA2 /* Info.plist */,
				2E65EBD22CC78E6A00972C99 /* logo.png */,
				49A1839C2CDD9CAE00539CDF /* gpxStudio_path.gpx */,
				49A1839A2CDD9C1700539CDF /* gpxgenerator_path.gpx */,
				D5BC7D602CF6759C000D28AB /* ATLAS.xcdatamodeld */,
			);
			path = ATLAS;
			sourceTree = "<group>";
		};
/* End PBXGroup section */

/* Begin PBXNativeTarget section */
		49923ED62CB7A1C700D2CBA2 /* ATLAS */ = {
			isa = PBXNativeTarget;
			buildConfigurationList = 49923EEB2CB7A1C900D2CBA2 /* Build configuration list for PBXNativeTarget "ATLAS" */;
			buildPhases = (
				49923ED32CB7A1C700D2CBA2 /* Sources */,
				49923ED42CB7A1C700D2CBA2 /* Frameworks */,
				49923ED52CB7A1C700D2CBA2 /* Resources */,
			);
			buildRules = (
			);
			dependencies = (
			);
			name = ATLAS;
			packageProductDependencies = (
				D5BF14552CC17D1E00A0604C /* FirebaseAnalytics */,
				D5700B7B2CE4230800DF425D /* FirebaseAnalytics */,
				D5700B7D2CE4230800DF425D /* FirebaseAnalyticsOnDeviceConversion */,
				D5700B7F2CE4230800DF425D /* FirebaseAnalyticsWithoutAdIdSupport */,
				D5700B812CE4230800DF425D /* FirebaseAppCheck */,
				D5700B832CE4230800DF425D /* FirebaseAppDistribution-Beta */,
				D5700B852CE4230800DF425D /* FirebaseAuth */,
				D5700B872CE4230800DF425D /* FirebaseAuthCombine-Community */,
				D5700B892CE4230800DF425D /* FirebaseCore */,
				D5700B8B2CE4230800DF425D /* FirebaseCrashlytics */,
				D5700B8D2CE4230800DF425D /* FirebaseDatabase */,
				D5700B8F2CE4230800DF425D /* FirebaseDynamicLinks */,
				D5700B912CE4230800DF425D /* FirebaseFirestore */,
				D5700B932CE4230800DF425D /* FirebaseFirestoreCombine-Community */,
				D5700B952CE4230800DF425D /* FirebaseFunctions */,
				D5700B972CE4230800DF425D /* FirebaseFunctionsCombine-Community */,
				D5700B992CE4230800DF425D /* FirebaseInAppMessaging-Beta */,
				D5700B9B2CE4230800DF425D /* FirebaseInstallations */,
				D5700B9D2CE4230800DF425D /* FirebaseMLModelDownloader */,
				D5700B9F2CE4230800DF425D /* FirebaseMessaging */,
				D5700BA12CE4230800DF425D /* FirebasePerformance */,
				D5700BA32CE4230800DF425D /* FirebaseRemoteConfig */,
				D5700BA52CE4230800DF425D /* FirebaseStorage */,
				D5700BA72CE4230800DF425D /* FirebaseStorageCombine-Community */,
				D5700BA92CE4230800DF425D /* FirebaseVertexAI */,
				D5700BAC2CE4232800DF425D /* GEOSwift */,
			);
			productName = ATLAS;
			productReference = 49923ED72CB7A1C700D2CBA2 /* ATLAS.app */;
			productType = "com.apple.product-type.application";
		};
/* End PBXNativeTarget section */

/* Begin PBXProject section */
		49923ECF2CB7A1C700D2CBA2 /* Project object */ = {
			isa = PBXProject;
			attributes = {
				BuildIndependentTargetsInParallel = 1;
				LastSwiftUpdateCheck = 1540;
				LastUpgradeCheck = 1540;
				TargetAttributes = {
					49923ED62CB7A1C700D2CBA2 = {
						CreatedOnToolsVersion = 15.4;
					};
				};
			};
			buildConfigurationList = 49923ED22CB7A1C700D2CBA2 /* Build configuration list for PBXProject "ATLAS" */;
			compatibilityVersion = "Xcode 14.0";
			developmentRegion = en;
			hasScannedForEncodings = 0;
			knownRegions = (
				en,
				Base,
			);
			mainGroup = 49923ECE2CB7A1C700D2CBA2;
			packageReferences = (
				D5700B7A2CE4230800DF425D /* XCRemoteSwiftPackageReference "firebase-ios-sdk" */,
				D5700BAB2CE4232800DF425D /* XCRemoteSwiftPackageReference "GEOSwift" */,
			);
			productRefGroup = 49923ED82CB7A1C700D2CBA2 /* Products */;
			projectDirPath = "";
			projectRoot = "";
			targets = (
				49923ED62CB7A1C700D2CBA2 /* ATLAS */,
			);
		};
/* End PBXProject section */

/* Begin PBXResourcesBuildPhase section */
		49923ED52CB7A1C700D2CBA2 /* Resources */ = {
			isa = PBXResourcesBuildPhase;
			buildActionMask = 2147483647;
			files = (
				49A44E0B2CD17F8C0005FD65 /* HamburgerMenuStoryboard.storyboard in Resources */,
				49923EE42CB7A1C900D2CBA2 /* Assets.xcassets in Resources */,
				D5BF14862CC17E8900A0604C /* GoogleService-Info.plist in Resources */,
				49A44E092CD17F8B0005FD65 /* LocationInfoStoryboard.storyboard in Resources */,
				493358552CC71A1300AD4797 /* UserGuideStoryboard.storyboard in Resources */,
				49A44E0D2CD17F8C0005FD65 /* SettingsStoryboard.storyboard in Resources */,
				49A44E202CD1EB9E0005FD65 /* UnlockedStoryboard.storyboard in Resources */,
				49A44E012CD17F880005FD65 /* NewUserSetupStoryboard.storyboard in Resources */,
				49A44E072CD17F8A0005FD65 /* MiniGameStoryboard.storyboard in Resources */,
				49923EE72CB7A1C900D2CBA2 /* Base in Resources */,
				D5BC7D3A2CF2956B000D28AB /* LeaderboardStoryboard.storyboard in Resources */,
				2E65EBD32CC78E6A00972C99 /* logo.png in Resources */,
				49A1839B2CDD9C1700539CDF /* gpxgenerator_path.gpx in Resources */,
				49A44E152CD1E82C0005FD65 /* LoadingStoryboard.storyboard in Resources */,
				49A44DFD2CD17F6F0005FD65 /* LoginPageViewStoryboard.storyboard in Resources */,
				D5AE62B02CE1DB3100ADE034 /* FriendsListStoryboard.storyboard in Resources */,
				49923EE22CB7A1C700D2CBA2 /* Base in Resources */,
				49A44E032CD17F890005FD65 /* ForgotChangePasswordStoryboard .storyboard in Resources */,
				49A1839D2CDD9CAE00539CDF /* gpxStudio_path.gpx in Resources */,
				49A44E052CD17F8A0005FD65 /* MapStoryboard.storyboard in Resources */,
			);
			runOnlyForDeploymentPostprocessing = 0;
		};
/* End PBXResourcesBuildPhase section */

/* Begin PBXSourcesBuildPhase section */
		49923ED32CB7A1C700D2CBA2 /* Sources */ = {
			isa = PBXSourcesBuildPhase;
			buildActionMask = 2147483647;
			files = (
				42397A612CC6EC6F00AB85EA /* ForgotChangePasswordViewController.swift in Sources */,
				D52B90A82D02898800E36E4E /* StadiumGameViewController.swift in Sources */,
				D5BF14512CC07C8A00A0604C /* ThirdRoundTowerViewController.swift in Sources */,
				D539673F2CC8A5C30090A39E /* MenuPopUpViewController.swift in Sources */,
				D5AE62B22CE1DF4B00ADE034 /* FriendsListViewController.swift in Sources */,
				49D3DB3F2CE1AC73001FC303 /* PointsOfInterest.swift in Sources */,
				D53967412CC9CD570090A39E /* UserSettingsViewController.swift in Sources */,
				D596C2852CBF39F60047E563 /* MiniGameViewController.swift in Sources */,
				D54921552D01444100D4AB54 /* FountainTriviaViewController.swift in Sources */,
				D54921392CFD568600D4AB54 /* LeaderboardViewController.swift in Sources */,
				D5BC7D182CEC1B42000D28AB /* PickProfilePictureViewController.swift in Sources */,
				D57170D12CBF93F7002326DE /* GameInstructionsViewController.swift in Sources */,
				42397A5F2CC6D2A100AB85EA /* NewUserSetupViewController.swift in Sources */,
				49C0F4272CE40DDD00206DBC /* LocationInfoViewController.swift in Sources */,
				D5BC7D3C2CF29D9D000D28AB /* LeaderboardTableViewCell.swift in Sources */,
				493358592CC745B300AD4797 /* UnlockedAreasViewController.swift in Sources */,
				49923EDB2CB7A1C700D2CBA2 /* AppDelegate.swift in Sources */,
				493358532CC7076900AD4797 /* MapViewController.swift in Sources */,
				D5BC7D622CF6759C000D28AB /* ATLAS.xcdatamodeld in Sources */,
				493358572CC71F7800AD4797 /* UserGuideViewController.swift in Sources */,
				D5BF14532CC0C79C00A0604C /* WonGameViewController.swift in Sources */,
				D57D7B4C2CDA892B00963080 /* LoginViewController.swift in Sources */,
				D5BF144D2CC0579700A0604C /* FirstRoundTowerViewController.swift in Sources */,
				D5AE62B42CE2853600ADE034 /* FriendsListTableViewCell.swift in Sources */,
				49923EDD2CB7A1C700D2CBA2 /* SceneDelegate.swift in Sources */,
				D5BF144F2CC0727400A0604C /* SecondRoundTowerViewController.swift in Sources */,
				42BE6B022CF081B6007C020F /* GameState.swift in Sources */,
			);
			runOnlyForDeploymentPostprocessing = 0;
		};
/* End PBXSourcesBuildPhase section */

/* Begin PBXVariantGroup section */
		49923EE02CB7A1C700D2CBA2 /* Main.storyboard */ = {
			isa = PBXVariantGroup;
			children = (
				49923EE12CB7A1C700D2CBA2 /* Base */,
			);
			name = Main.storyboard;
			sourceTree = "<group>";
		};
		49923EE52CB7A1C900D2CBA2 /* LaunchScreen.storyboard */ = {
			isa = PBXVariantGroup;
			children = (
				49923EE62CB7A1C900D2CBA2 /* Base */,
			);
			name = LaunchScreen.storyboard;
			sourceTree = "<group>";
		};
/* End PBXVariantGroup section */

/* Begin XCBuildConfiguration section */
		49923EE92CB7A1C900D2CBA2 /* Debug */ = {
			isa = XCBuildConfiguration;
			buildSettings = {
				ALWAYS_SEARCH_USER_PATHS = NO;
				ASSETCATALOG_COMPILER_GENERATE_SWIFT_ASSET_SYMBOL_EXTENSIONS = YES;
				CLANG_ANALYZER_NONNULL = YES;
				CLANG_ANALYZER_NUMBER_OBJECT_CONVERSION = YES_AGGRESSIVE;
				CLANG_CXX_LANGUAGE_STANDARD = "gnu++20";
				CLANG_ENABLE_MODULES = YES;
				CLANG_ENABLE_OBJC_ARC = YES;
				CLANG_ENABLE_OBJC_WEAK = YES;
				CLANG_WARN_BLOCK_CAPTURE_AUTORELEASING = YES;
				CLANG_WARN_BOOL_CONVERSION = YES;
				CLANG_WARN_COMMA = YES;
				CLANG_WARN_CONSTANT_CONVERSION = YES;
				CLANG_WARN_DEPRECATED_OBJC_IMPLEMENTATIONS = YES;
				CLANG_WARN_DIRECT_OBJC_ISA_USAGE = YES_ERROR;
				CLANG_WARN_DOCUMENTATION_COMMENTS = YES;
				CLANG_WARN_EMPTY_BODY = YES;
				CLANG_WARN_ENUM_CONVERSION = YES;
				CLANG_WARN_INFINITE_RECURSION = YES;
				CLANG_WARN_INT_CONVERSION = YES;
				CLANG_WARN_NON_LITERAL_NULL_CONVERSION = YES;
				CLANG_WARN_OBJC_IMPLICIT_RETAIN_SELF = YES;
				CLANG_WARN_OBJC_LITERAL_CONVERSION = YES;
				CLANG_WARN_OBJC_ROOT_CLASS = YES_ERROR;
				CLANG_WARN_QUOTED_INCLUDE_IN_FRAMEWORK_HEADER = YES;
				CLANG_WARN_RANGE_LOOP_ANALYSIS = YES;
				CLANG_WARN_STRICT_PROTOTYPES = YES;
				CLANG_WARN_SUSPICIOUS_MOVE = YES;
				CLANG_WARN_UNGUARDED_AVAILABILITY = YES_AGGRESSIVE;
				CLANG_WARN_UNREACHABLE_CODE = YES;
				CLANG_WARN__DUPLICATE_METHOD_MATCH = YES;
				COPY_PHASE_STRIP = NO;
				DEBUG_INFORMATION_FORMAT = dwarf;
				ENABLE_STRICT_OBJC_MSGSEND = YES;
				ENABLE_TESTABILITY = YES;
				ENABLE_USER_SCRIPT_SANDBOXING = YES;
				GCC_C_LANGUAGE_STANDARD = gnu17;
				GCC_DYNAMIC_NO_PIC = NO;
				GCC_NO_COMMON_BLOCKS = YES;
				GCC_OPTIMIZATION_LEVEL = 0;
				GCC_PREPROCESSOR_DEFINITIONS = (
					"DEBUG=1",
					"$(inherited)",
				);
				GCC_WARN_64_TO_32_BIT_CONVERSION = YES;
				GCC_WARN_ABOUT_RETURN_TYPE = YES_ERROR;
				GCC_WARN_UNDECLARED_SELECTOR = YES;
				GCC_WARN_UNINITIALIZED_AUTOS = YES_AGGRESSIVE;
				GCC_WARN_UNUSED_FUNCTION = YES;
				GCC_WARN_UNUSED_VARIABLE = YES;
				IPHONEOS_DEPLOYMENT_TARGET = 17.2;
				LOCALIZATION_PREFERS_STRING_CATALOGS = YES;
				MTL_ENABLE_DEBUG_INFO = INCLUDE_SOURCE;
				MTL_FAST_MATH = YES;
				ONLY_ACTIVE_ARCH = YES;
				SDKROOT = iphoneos;
				SWIFT_ACTIVE_COMPILATION_CONDITIONS = "DEBUG $(inherited)";
				SWIFT_OPTIMIZATION_LEVEL = "-Onone";
			};
			name = Debug;
		};
		49923EEA2CB7A1C900D2CBA2 /* Release */ = {
			isa = XCBuildConfiguration;
			buildSettings = {
				ALWAYS_SEARCH_USER_PATHS = NO;
				ASSETCATALOG_COMPILER_GENERATE_SWIFT_ASSET_SYMBOL_EXTENSIONS = YES;
				CLANG_ANALYZER_NONNULL = YES;
				CLANG_ANALYZER_NUMBER_OBJECT_CONVERSION = YES_AGGRESSIVE;
				CLANG_CXX_LANGUAGE_STANDARD = "gnu++20";
				CLANG_ENABLE_MODULES = YES;
				CLANG_ENABLE_OBJC_ARC = YES;
				CLANG_ENABLE_OBJC_WEAK = YES;
				CLANG_WARN_BLOCK_CAPTURE_AUTORELEASING = YES;
				CLANG_WARN_BOOL_CONVERSION = YES;
				CLANG_WARN_COMMA = YES;
				CLANG_WARN_CONSTANT_CONVERSION = YES;
				CLANG_WARN_DEPRECATED_OBJC_IMPLEMENTATIONS = YES;
				CLANG_WARN_DIRECT_OBJC_ISA_USAGE = YES_ERROR;
				CLANG_WARN_DOCUMENTATION_COMMENTS = YES;
				CLANG_WARN_EMPTY_BODY = YES;
				CLANG_WARN_ENUM_CONVERSION = YES;
				CLANG_WARN_INFINITE_RECURSION = YES;
				CLANG_WARN_INT_CONVERSION = YES;
				CLANG_WARN_NON_LITERAL_NULL_CONVERSION = YES;
				CLANG_WARN_OBJC_IMPLICIT_RETAIN_SELF = YES;
				CLANG_WARN_OBJC_LITERAL_CONVERSION = YES;
				CLANG_WARN_OBJC_ROOT_CLASS = YES_ERROR;
				CLANG_WARN_QUOTED_INCLUDE_IN_FRAMEWORK_HEADER = YES;
				CLANG_WARN_RANGE_LOOP_ANALYSIS = YES;
				CLANG_WARN_STRICT_PROTOTYPES = YES;
				CLANG_WARN_SUSPICIOUS_MOVE = YES;
				CLANG_WARN_UNGUARDED_AVAILABILITY = YES_AGGRESSIVE;
				CLANG_WARN_UNREACHABLE_CODE = YES;
				CLANG_WARN__DUPLICATE_METHOD_MATCH = YES;
				COPY_PHASE_STRIP = NO;
				DEBUG_INFORMATION_FORMAT = "dwarf-with-dsym";
				ENABLE_NS_ASSERTIONS = NO;
				ENABLE_STRICT_OBJC_MSGSEND = YES;
				ENABLE_USER_SCRIPT_SANDBOXING = YES;
				GCC_C_LANGUAGE_STANDARD = gnu17;
				GCC_NO_COMMON_BLOCKS = YES;
				GCC_WARN_64_TO_32_BIT_CONVERSION = YES;
				GCC_WARN_ABOUT_RETURN_TYPE = YES_ERROR;
				GCC_WARN_UNDECLARED_SELECTOR = YES;
				GCC_WARN_UNINITIALIZED_AUTOS = YES_AGGRESSIVE;
				GCC_WARN_UNUSED_FUNCTION = YES;
				GCC_WARN_UNUSED_VARIABLE = YES;
				IPHONEOS_DEPLOYMENT_TARGET = 17.2;
				LOCALIZATION_PREFERS_STRING_CATALOGS = YES;
				MTL_ENABLE_DEBUG_INFO = NO;
				MTL_FAST_MATH = YES;
				SDKROOT = iphoneos;
				SWIFT_COMPILATION_MODE = wholemodule;
				VALIDATE_PRODUCT = YES;
			};
			name = Release;
		};
		49923EEC2CB7A1C900D2CBA2 /* Debug */ = {
			isa = XCBuildConfiguration;
			buildSettings = {
				ASSETCATALOG_COMPILER_APPICON_NAME = AppIcon;
				ASSETCATALOG_COMPILER_GLOBAL_ACCENT_COLOR_NAME = AccentColor;
				CODE_SIGN_STYLE = Automatic;
				CURRENT_PROJECT_VERSION = 1;
				DEVELOPMENT_TEAM = M8474T3YG5;
				GENERATE_INFOPLIST_FILE = YES;
				INFOPLIST_FILE = ATLAS/Info.plist;
				INFOPLIST_KEY_UIApplicationSupportsIndirectInputEvents = YES;
				INFOPLIST_KEY_UILaunchStoryboardName = LaunchScreen;
				INFOPLIST_KEY_UIMainStoryboardFile = Main;
				INFOPLIST_KEY_UISupportedInterfaceOrientations_iPad = "UIInterfaceOrientationPortrait UIInterfaceOrientationPortraitUpsideDown UIInterfaceOrientationLandscapeLeft UIInterfaceOrientationLandscapeRight";
				INFOPLIST_KEY_UISupportedInterfaceOrientations_iPhone = "UIInterfaceOrientationPortrait UIInterfaceOrientationLandscapeLeft UIInterfaceOrientationLandscapeRight";
				LD_RUNPATH_SEARCH_PATHS = (
					"$(inherited)",
					"@executable_path/Frameworks",
				);
				MARKETING_VERSION = 1.0;
				PRODUCT_BUNDLE_IDENTIFIER = utcs.ATLAS;
				PRODUCT_NAME = "$(TARGET_NAME)";
				SWIFT_EMIT_LOC_STRINGS = YES;
				SWIFT_VERSION = 5.0;
				TARGETED_DEVICE_FAMILY = "1,2";
			};
			name = Debug;
		};
		49923EED2CB7A1C900D2CBA2 /* Release */ = {
			isa = XCBuildConfiguration;
			buildSettings = {
				ASSETCATALOG_COMPILER_APPICON_NAME = AppIcon;
				ASSETCATALOG_COMPILER_GLOBAL_ACCENT_COLOR_NAME = AccentColor;
				CODE_SIGN_STYLE = Automatic;
				CURRENT_PROJECT_VERSION = 1;
				DEVELOPMENT_TEAM = M8474T3YG5;
				GENERATE_INFOPLIST_FILE = YES;
				INFOPLIST_FILE = ATLAS/Info.plist;
				INFOPLIST_KEY_UIApplicationSupportsIndirectInputEvents = YES;
				INFOPLIST_KEY_UILaunchStoryboardName = LaunchScreen;
				INFOPLIST_KEY_UIMainStoryboardFile = Main;
				INFOPLIST_KEY_UISupportedInterfaceOrientations_iPad = "UIInterfaceOrientationPortrait UIInterfaceOrientationPortraitUpsideDown UIInterfaceOrientationLandscapeLeft UIInterfaceOrientationLandscapeRight";
				INFOPLIST_KEY_UISupportedInterfaceOrientations_iPhone = "UIInterfaceOrientationPortrait UIInterfaceOrientationLandscapeLeft UIInterfaceOrientationLandscapeRight";
				LD_RUNPATH_SEARCH_PATHS = (
					"$(inherited)",
					"@executable_path/Frameworks",
				);
				MARKETING_VERSION = 1.0;
				PRODUCT_BUNDLE_IDENTIFIER = utcs.ATLAS;
				PRODUCT_NAME = "$(TARGET_NAME)";
				SWIFT_EMIT_LOC_STRINGS = YES;
				SWIFT_VERSION = 5.0;
				TARGETED_DEVICE_FAMILY = "1,2";
			};
			name = Release;
		};
/* End XCBuildConfiguration section */

/* Begin XCConfigurationList section */
		49923ED22CB7A1C700D2CBA2 /* Build configuration list for PBXProject "ATLAS" */ = {
			isa = XCConfigurationList;
			buildConfigurations = (
				49923EE92CB7A1C900D2CBA2 /* Debug */,
				49923EEA2CB7A1C900D2CBA2 /* Release */,
			);
			defaultConfigurationIsVisible = 0;
			defaultConfigurationName = Release;
		};
		49923EEB2CB7A1C900D2CBA2 /* Build configuration list for PBXNativeTarget "ATLAS" */ = {
			isa = XCConfigurationList;
			buildConfigurations = (
				49923EEC2CB7A1C900D2CBA2 /* Debug */,
				49923EED2CB7A1C900D2CBA2 /* Release */,
			);
			defaultConfigurationIsVisible = 0;
			defaultConfigurationName = Release;
		};
/* End XCConfigurationList section */

/* Begin XCRemoteSwiftPackageReference section */
		D5700B7A2CE4230800DF425D /* XCRemoteSwiftPackageReference "firebase-ios-sdk" */ = {
			isa = XCRemoteSwiftPackageReference;
			repositoryURL = "https://github.com/firebase/firebase-ios-sdk";
			requirement = {
				kind = upToNextMajorVersion;
				minimumVersion = 11.5.0;
			};
		};
		D5700BAB2CE4232800DF425D /* XCRemoteSwiftPackageReference "GEOSwift" */ = {
			isa = XCRemoteSwiftPackageReference;
			repositoryURL = "https://github.com/GEOSwift/GEOSwift";
			requirement = {
				kind = upToNextMajorVersion;
				minimumVersion = 11.0.0;
			};
		};
/* End XCRemoteSwiftPackageReference section */

/* Begin XCSwiftPackageProductDependency section */
		D5700B7B2CE4230800DF425D /* FirebaseAnalytics */ = {
			isa = XCSwiftPackageProductDependency;
			package = D5700B7A2CE4230800DF425D /* XCRemoteSwiftPackageReference "firebase-ios-sdk" */;
			productName = FirebaseAnalytics;
		};
		D5700B7D2CE4230800DF425D /* FirebaseAnalyticsOnDeviceConversion */ = {
			isa = XCSwiftPackageProductDependency;
			package = D5700B7A2CE4230800DF425D /* XCRemoteSwiftPackageReference "firebase-ios-sdk" */;
			productName = FirebaseAnalyticsOnDeviceConversion;
		};
		D5700B7F2CE4230800DF425D /* FirebaseAnalyticsWithoutAdIdSupport */ = {
			isa = XCSwiftPackageProductDependency;
			package = D5700B7A2CE4230800DF425D /* XCRemoteSwiftPackageReference "firebase-ios-sdk" */;
			productName = FirebaseAnalyticsWithoutAdIdSupport;
		};
		D5700B812CE4230800DF425D /* FirebaseAppCheck */ = {
			isa = XCSwiftPackageProductDependency;
			package = D5700B7A2CE4230800DF425D /* XCRemoteSwiftPackageReference "firebase-ios-sdk" */;
			productName = FirebaseAppCheck;
		};
		D5700B832CE4230800DF425D /* FirebaseAppDistribution-Beta */ = {
			isa = XCSwiftPackageProductDependency;
			package = D5700B7A2CE4230800DF425D /* XCRemoteSwiftPackageReference "firebase-ios-sdk" */;
			productName = "FirebaseAppDistribution-Beta";
		};
		D5700B852CE4230800DF425D /* FirebaseAuth */ = {
			isa = XCSwiftPackageProductDependency;
			package = D5700B7A2CE4230800DF425D /* XCRemoteSwiftPackageReference "firebase-ios-sdk" */;
			productName = FirebaseAuth;
		};
		D5700B872CE4230800DF425D /* FirebaseAuthCombine-Community */ = {
			isa = XCSwiftPackageProductDependency;
			package = D5700B7A2CE4230800DF425D /* XCRemoteSwiftPackageReference "firebase-ios-sdk" */;
			productName = "FirebaseAuthCombine-Community";
		};
		D5700B892CE4230800DF425D /* FirebaseCore */ = {
			isa = XCSwiftPackageProductDependency;
			package = D5700B7A2CE4230800DF425D /* XCRemoteSwiftPackageReference "firebase-ios-sdk" */;
			productName = FirebaseCore;
		};
		D5700B8B2CE4230800DF425D /* FirebaseCrashlytics */ = {
			isa = XCSwiftPackageProductDependency;
			package = D5700B7A2CE4230800DF425D /* XCRemoteSwiftPackageReference "firebase-ios-sdk" */;
			productName = FirebaseCrashlytics;
		};
		D5700B8D2CE4230800DF425D /* FirebaseDatabase */ = {
			isa = XCSwiftPackageProductDependency;
			package = D5700B7A2CE4230800DF425D /* XCRemoteSwiftPackageReference "firebase-ios-sdk" */;
			productName = FirebaseDatabase;
		};
		D5700B8F2CE4230800DF425D /* FirebaseDynamicLinks */ = {
			isa = XCSwiftPackageProductDependency;
			package = D5700B7A2CE4230800DF425D /* XCRemoteSwiftPackageReference "firebase-ios-sdk" */;
			productName = FirebaseDynamicLinks;
		};
		D5700B912CE4230800DF425D /* FirebaseFirestore */ = {
			isa = XCSwiftPackageProductDependency;
			package = D5700B7A2CE4230800DF425D /* XCRemoteSwiftPackageReference "firebase-ios-sdk" */;
			productName = FirebaseFirestore;
		};
		D5700B932CE4230800DF425D /* FirebaseFirestoreCombine-Community */ = {
			isa = XCSwiftPackageProductDependency;
			package = D5700B7A2CE4230800DF425D /* XCRemoteSwiftPackageReference "firebase-ios-sdk" */;
			productName = "FirebaseFirestoreCombine-Community";
		};
		D5700B952CE4230800DF425D /* FirebaseFunctions */ = {
			isa = XCSwiftPackageProductDependency;
			package = D5700B7A2CE4230800DF425D /* XCRemoteSwiftPackageReference "firebase-ios-sdk" */;
			productName = FirebaseFunctions;
		};
		D5700B972CE4230800DF425D /* FirebaseFunctionsCombine-Community */ = {
			isa = XCSwiftPackageProductDependency;
			package = D5700B7A2CE4230800DF425D /* XCRemoteSwiftPackageReference "firebase-ios-sdk" */;
			productName = "FirebaseFunctionsCombine-Community";
		};
		D5700B992CE4230800DF425D /* FirebaseInAppMessaging-Beta */ = {
			isa = XCSwiftPackageProductDependency;
			package = D5700B7A2CE4230800DF425D /* XCRemoteSwiftPackageReference "firebase-ios-sdk" */;
			productName = "FirebaseInAppMessaging-Beta";
		};
		D5700B9B2CE4230800DF425D /* FirebaseInstallations */ = {
			isa = XCSwiftPackageProductDependency;
			package = D5700B7A2CE4230800DF425D /* XCRemoteSwiftPackageReference "firebase-ios-sdk" */;
			productName = FirebaseInstallations;
		};
		D5700B9D2CE4230800DF425D /* FirebaseMLModelDownloader */ = {
			isa = XCSwiftPackageProductDependency;
			package = D5700B7A2CE4230800DF425D /* XCRemoteSwiftPackageReference "firebase-ios-sdk" */;
			productName = FirebaseMLModelDownloader;
		};
		D5700B9F2CE4230800DF425D /* FirebaseMessaging */ = {
			isa = XCSwiftPackageProductDependency;
			package = D5700B7A2CE4230800DF425D /* XCRemoteSwiftPackageReference "firebase-ios-sdk" */;
			productName = FirebaseMessaging;
		};
		D5700BA12CE4230800DF425D /* FirebasePerformance */ = {
			isa = XCSwiftPackageProductDependency;
			package = D5700B7A2CE4230800DF425D /* XCRemoteSwiftPackageReference "firebase-ios-sdk" */;
			productName = FirebasePerformance;
		};
		D5700BA32CE4230800DF425D /* FirebaseRemoteConfig */ = {
			isa = XCSwiftPackageProductDependency;
			package = D5700B7A2CE4230800DF425D /* XCRemoteSwiftPackageReference "firebase-ios-sdk" */;
			productName = FirebaseRemoteConfig;
		};
		D5700BA52CE4230800DF425D /* FirebaseStorage */ = {
			isa = XCSwiftPackageProductDependency;
			package = D5700B7A2CE4230800DF425D /* XCRemoteSwiftPackageReference "firebase-ios-sdk" */;
			productName = FirebaseStorage;
		};
		D5700BA72CE4230800DF425D /* FirebaseStorageCombine-Community */ = {
			isa = XCSwiftPackageProductDependency;
			package = D5700B7A2CE4230800DF425D /* XCRemoteSwiftPackageReference "firebase-ios-sdk" */;
			productName = "FirebaseStorageCombine-Community";
		};
		D5700BA92CE4230800DF425D /* FirebaseVertexAI */ = {
			isa = XCSwiftPackageProductDependency;
			package = D5700B7A2CE4230800DF425D /* XCRemoteSwiftPackageReference "firebase-ios-sdk" */;
			productName = FirebaseVertexAI;
		};
		D5700BAC2CE4232800DF425D /* GEOSwift */ = {
			isa = XCSwiftPackageProductDependency;
			package = D5700BAB2CE4232800DF425D /* XCRemoteSwiftPackageReference "GEOSwift" */;
			productName = GEOSwift;
		};
		D5BF14552CC17D1E00A0604C /* FirebaseAnalytics */ = {
			isa = XCSwiftPackageProductDependency;
			productName = FirebaseAnalytics;
		};
/* End XCSwiftPackageProductDependency section */

/* Begin XCVersionGroup section */
		D5BC7D602CF6759C000D28AB /* ATLAS.xcdatamodeld */ = {
			isa = XCVersionGroup;
			children = (
				D5BC7D612CF6759C000D28AB /* ATLAS.xcdatamodel */,
			);
			currentVersion = D5BC7D612CF6759C000D28AB /* ATLAS.xcdatamodel */;
			path = ATLAS.xcdatamodeld;
			sourceTree = "<group>";
			versionGroupType = wrapper.xcdatamodel;
		};
/* End XCVersionGroup section */
	};
	rootObject = 49923ECF2CB7A1C700D2CBA2 /* Project object */;
}
